PODS:
  - YJCocoa/AppFrameworks/Foundation/Other (6.2.0)
  - YJCocoa/AppFrameworks/UIKit/AutoLayout (6.2.0):
    - YJCocoa/AppFrameworks/UIKit/AutoLayout/Extend (= 6.2.0)
    - YJCocoa/AppFrameworks/UIKit/AutoLayout/LayoutAnchor (= 6.2.0)
    - YJCocoa/AppFrameworks/UIKit/AutoLayout/UIView (= 6.2.0)
    - YJCocoa/AppFrameworks/UIKit/AutoLayout/UIViewController (= 6.2.0)
  - YJCocoa/AppFrameworks/UIKit/AutoLayout/Extend (6.2.0)
  - YJCocoa/AppFrameworks/UIKit/AutoLayout/LayoutAnchor (6.2.0):
    - YJCocoa/AppFrameworks/UIKit/AutoLayout/Extend
  - YJCocoa/AppFrameworks/UIKit/AutoLayout/UIView (6.2.0):
    - YJCocoa/AppFrameworks/UIKit/AutoLayout/LayoutAnchor
  - YJCocoa/AppFrameworks/UIKit/AutoLayout/UIViewController (6.2.0):
    - YJCocoa/AppFrameworks/UIKit/AutoLayout/LayoutAnchor

DEPENDENCIES:
  - YJCocoa/AppFrameworks/Foundation/Other
  - YJCocoa/AppFrameworks/UIKit/AutoLayout

SPEC CHECKSUMS:
  YJCocoa: 30cce39bb154e45a32c5a505e5e8a1b887c32e7c

PODFILE CHECKSUM: 57c1712a38b99fbb8d0c58962c335d202c64877d

COCOAPODS: 1.1.1
