// !$*UTF8*$!
{
	archiveVersion = 1;
	classes = {
	};
	objectVersion = 46;
	objects = {

/* Begin PBXBuildFile section */
		841725D71DACBC1C006022A9 /* NSLayoutConstraint+YJAutoLayout.m in Sources */ = {isa = PBXBuildFile; fileRef = 841725821DACBC1C006022A9 /* NSLayoutConstraint+YJAutoLayout.m */; };
		841725D81DACBC1C006022A9 /* YJNSLayoutConstraintAnimate.m in Sources */ = {isa = PBXBuildFile; fileRef = 841725841DACBC1C006022A9 /* YJNSLayoutConstraintAnimate.m */; };
		841725D91DACBC1C006022A9 /* YJNSLayoutAnchor.m in Sources */ = {isa = PBXBuildFile; fileRef = 841725871DACBC1C006022A9 /* YJNSLayoutAnchor.m */; };
		841725DA1DACBC1C006022A9 /* YJNSLayoutDimension.m in Sources */ = {isa = PBXBuildFile; fileRef = 841725891DACBC1C006022A9 /* YJNSLayoutDimension.m */; };
		841725DB1DACBC1C006022A9 /* YJNSLayoutXAxisAnchor.m in Sources */ = {isa = PBXBuildFile; fileRef = 8417258B1DACBC1C006022A9 /* YJNSLayoutXAxisAnchor.m */; };
		841725DC1DACBC1C006022A9 /* YJNSLayoutYAxisAnchor.m in Sources */ = {isa = PBXBuildFile; fileRef = 8417258D1DACBC1C006022A9 /* YJNSLayoutYAxisAnchor.m */; };
		841725DD1DACBC1C006022A9 /* YJUILayoutSupport.m in Sources */ = {isa = PBXBuildFile; fileRef = 8417258F1DACBC1C006022A9 /* YJUILayoutSupport.m */; };
		841725DE1DACBC1C006022A9 /* UIView+YJUIViewLayoutConstraintCreation.m in Sources */ = {isa = PBXBuildFile; fileRef = 841725921DACBC1C006022A9 /* UIView+YJUIViewLayoutConstraintCreation.m */; };
		841725DF1DACBC1C006022A9 /* UIViewController+YJUILayoutSupport.m in Sources */ = {isa = PBXBuildFile; fileRef = 841725951DACBC1C006022A9 /* UIViewController+YJUILayoutSupport.m */; };
		841725E01DACBC1C006022A9 /* YJUICollectionReusableView.m in Sources */ = {isa = PBXBuildFile; fileRef = 8417259A1DACBC1C006022A9 /* YJUICollectionReusableView.m */; };
		841725E11DACBC1C006022A9 /* YJUICollectionViewCell.m in Sources */ = {isa = PBXBuildFile; fileRef = 8417259C1DACBC1C006022A9 /* YJUICollectionViewCell.m */; };
		841725E21DACBC1C006022A9 /* YJUICollectionCellObject.m in Sources */ = {isa = PBXBuildFile; fileRef = 8417259F1DACBC1C006022A9 /* YJUICollectionCellObject.m */; };
		841725E31DACBC1C006022A9 /* YJUICollectionViewDataSource.m in Sources */ = {isa = PBXBuildFile; fileRef = 841725A21DACBC1C006022A9 /* YJUICollectionViewDataSource.m */; };
		841725E41DACBC1C006022A9 /* YJUICollectionViewDelegate.m in Sources */ = {isa = PBXBuildFile; fileRef = 841725A51DACBC1C006022A9 /* YJUICollectionViewDelegate.m */; };
		841725E51DACBC1C006022A9 /* UITextField+YJInputLength.m in Sources */ = {isa = PBXBuildFile; fileRef = 841725A91DACBC1C006022A9 /* UITextField+YJInputLength.m */; };
		841725E61DACBC1C006022A9 /* UITextView+YJInputLength.m in Sources */ = {isa = PBXBuildFile; fileRef = 841725AB1DACBC1C006022A9 /* UITextView+YJInputLength.m */; };
		841725E71DACBC1C006022A9 /* YJUIBarButtonItem.m in Sources */ = {isa = PBXBuildFile; fileRef = 841725B01DACBC1C006022A9 /* YJUIBarButtonItem.m */; };
		841725E81DACBC1C006022A9 /* YJUIBarButtonView.m in Sources */ = {isa = PBXBuildFile; fileRef = 841725B21DACBC1C006022A9 /* YJUIBarButtonView.m */; };
		841725E91DACBC1C006022A9 /* YJUINavigationBar.m in Sources */ = {isa = PBXBuildFile; fileRef = 841725B41DACBC1C006022A9 /* YJUINavigationBar.m */; };
		841725EA1DACBC1C006022A9 /* YJUIImagePageModel.m in Sources */ = {isa = PBXBuildFile; fileRef = 841725B81DACBC1C006022A9 /* YJUIImagePageModel.m */; };
		841725EB1DACBC1C006022A9 /* YJUIImagePageViewController.m in Sources */ = {isa = PBXBuildFile; fileRef = 841725BA1DACBC1C006022A9 /* YJUIImagePageViewController.m */; };
		841725EC1DACBC1C006022A9 /* YJUIImagePageViewController.xib in Resources */ = {isa = PBXBuildFile; fileRef = 841725BB1DACBC1C006022A9 /* YJUIImagePageViewController.xib */; };
		841725ED1DACBC1C006022A9 /* YJUIPageView.m in Sources */ = {isa = PBXBuildFile; fileRef = 841725BD1DACBC1C006022A9 /* YJUIPageView.m */; };
		841725EE1DACBC1C006022A9 /* YJUIPageViewController.m in Sources */ = {isa = PBXBuildFile; fileRef = 841725BF1DACBC1C006022A9 /* YJUIPageViewController.m */; };
		841725EF1DACBC1C006022A9 /* YJUIPageViewObject.m in Sources */ = {isa = PBXBuildFile; fileRef = 841725C11DACBC1C006022A9 /* YJUIPageViewObject.m */; };
		841725F01DACBC1C006022A9 /* YJUITableViewDataSource.m in Sources */ = {isa = PBXBuildFile; fileRef = 841725C51DACBC1C006022A9 /* YJUITableViewDataSource.m */; };
		841725F11DACBC1C006022A9 /* YJUITableViewDelegate.m in Sources */ = {isa = PBXBuildFile; fileRef = 841725C81DACBC1C006022A9 /* YJUITableViewDelegate.m */; };
		841725F21DACBC1C006022A9 /* YJUISuspensionCellView.m in Sources */ = {isa = PBXBuildFile; fileRef = 841725CB1DACBC1C006022A9 /* YJUISuspensionCellView.m */; };
		841725F31DACBC1C006022A9 /* YJUITableViewCell.m in Sources */ = {isa = PBXBuildFile; fileRef = 841725CE1DACBC1C006022A9 /* YJUITableViewCell.m */; };
		841725F41DACBC1C006022A9 /* YJUITableCellObject.m in Sources */ = {isa = PBXBuildFile; fileRef = 841725D11DACBC1C006022A9 /* YJUITableCellObject.m */; };
		841725F51DACBC1C006022A9 /* UIView+YJUIViewGeometry.m in Sources */ = {isa = PBXBuildFile; fileRef = 841725D51DACBC1C006022A9 /* UIView+YJUIViewGeometry.m */; };
		846C27BC1CF5BB66002DACDA /* docset-installed.sh in Resources */ = {isa = PBXBuildFile; fileRef = 846C27BB1CF5BB66002DACDA /* docset-installed.sh */; };
		8473AB7D1CE969DB000E3580 /* main.m in Sources */ = {isa = PBXBuildFile; fileRef = 8473AB7C1CE969DB000E3580 /* main.m */; };
		8473AB801CE969DB000E3580 /* AppDelegate.m in Sources */ = {isa = PBXBuildFile; fileRef = 8473AB7F1CE969DB000E3580 /* AppDelegate.m */; };
		8473AB831CE969DB000E3580 /* ViewController.m in Sources */ = {isa = PBXBuildFile; fileRef = 8473AB821CE969DB000E3580 /* ViewController.m */; };
		8473AB861CE969DB000E3580 /* Main.storyboard in Resources */ = {isa = PBXBuildFile; fileRef = 8473AB841CE969DB000E3580 /* Main.storyboard */; };
		8473AB881CE969DB000E3580 /* Assets.xcassets in Resources */ = {isa = PBXBuildFile; fileRef = 8473AB871CE969DB000E3580 /* Assets.xcassets */; };
		8473AB8B1CE969DB000E3580 /* LaunchScreen.storyboard in Resources */ = {isa = PBXBuildFile; fileRef = 8473AB891CE969DB000E3580 /* LaunchScreen.storyboard */; };
		8473AC181CE96DEC000E3580 /* YJCocoa.podspec in Resources */ = {isa = PBXBuildFile; fileRef = 8473AC171CE96DEC000E3580 /* YJCocoa.podspec */; };
		84D355201DAB432F0097D526 /* YJDispatch.m in Sources */ = {isa = PBXBuildFile; fileRef = 84D3551E1DAB432F0097D526 /* YJDispatch.m */; };
		84D355441DAB59390097D526 /* YJSecKeychainGPItem.m in Sources */ = {isa = PBXBuildFile; fileRef = 84D3553B1DAB59390097D526 /* YJSecKeychainGPItem.m */; };
		84D355451DAB59390097D526 /* YJSecKeychainItem.m in Sources */ = {isa = PBXBuildFile; fileRef = 84D3553D1DAB59390097D526 /* YJSecKeychainItem.m */; };
		84D355461DAB59390097D526 /* YJSecKeychain.m in Sources */ = {isa = PBXBuildFile; fileRef = 84D3553F1DAB59390097D526 /* YJSecKeychain.m */; };
		84D355471DAB59390097D526 /* YJSecRandom.m in Sources */ = {isa = PBXBuildFile; fileRef = 84D355421DAB59390097D526 /* YJSecRandom.m */; };
		84D3562E1DAB722B0097D526 /* NSObject+YJNSDictionaryModel.m in Sources */ = {isa = PBXBuildFile; fileRef = 84D3560E1DAB722B0097D526 /* NSObject+YJNSDictionaryModel.m */; };
		84D3562F1DAB722B0097D526 /* YJNSDictionaryModelManager.m in Sources */ = {isa = PBXBuildFile; fileRef = 84D356101DAB722B0097D526 /* YJNSDictionaryModelManager.m */; };
		84D356301DAB722B0097D526 /* YJNSDictionaryModelProperty.m in Sources */ = {isa = PBXBuildFile; fileRef = 84D356121DAB722B0097D526 /* YJNSDictionaryModelProperty.m */; };
		84D356311DAB722B0097D526 /* YJNSHttpAnalysis.m in Sources */ = {isa = PBXBuildFile; fileRef = 84D356161DAB722B0097D526 /* YJNSHttpAnalysis.m */; };
		84D356321DAB722B0097D526 /* YJNSHttpAssembly.m in Sources */ = {isa = PBXBuildFile; fileRef = 84D356181DAB722B0097D526 /* YJNSHttpAssembly.m */; };
		84D356331DAB722B0097D526 /* YJNSLog.m in Sources */ = {isa = PBXBuildFile; fileRef = 84D3561B1DAB722B0097D526 /* YJNSLog.m */; };
		84D356341DAB722B0097D526 /* YJNSFoundationOther.m in Sources */ = {isa = PBXBuildFile; fileRef = 84D3561E1DAB722B0097D526 /* YJNSFoundationOther.m */; };
		84D356351DAB722B0097D526 /* NSObject+YJNSPerformSelector.m in Sources */ = {isa = PBXBuildFile; fileRef = 84D356211DAB722B0097D526 /* NSObject+YJNSPerformSelector.m */; };
		84D356361DAB722B0097D526 /* YJNSPerformSelector.m in Sources */ = {isa = PBXBuildFile; fileRef = 84D356231DAB722B0097D526 /* YJNSPerformSelector.m */; };
		84D356371DAB722B0097D526 /* YJNSSingletonMCenter.m in Sources */ = {isa = PBXBuildFile; fileRef = 84D356261DAB722B0097D526 /* YJNSSingletonMCenter.m */; };
		84D356381DAB722B0097D526 /* YJNSTimer.m in Sources */ = {isa = PBXBuildFile; fileRef = 84D356291DAB722B0097D526 /* YJNSTimer.m */; };
/* End PBXBuildFile section */

/* Begin PBXFileReference section */
		841725811DACBC1C006022A9 /* NSLayoutConstraint+YJAutoLayout.h */ = {isa = PBXFileReference; fileEncoding = 4; lastKnownFileType = sourcecode.c.h; path = "NSLayoutConstraint+YJAutoLayout.h"; sourceTree = "<group>"; };
		841725821DACBC1C006022A9 /* NSLayoutConstraint+YJAutoLayout.m */ = {isa = PBXFileReference; fileEncoding = 4; lastKnownFileType = sourcecode.c.objc; path = "NSLayoutConstraint+YJAutoLayout.m"; sourceTree = "<group>"; };
		841725831DACBC1C006022A9 /* YJNSLayoutConstraintAnimate.h */ = {isa = PBXFileReference; fileEncoding = 4; lastKnownFileType = sourcecode.c.h; path = YJNSLayoutConstraintAnimate.h; sourceTree = "<group>"; };
		841725841DACBC1C006022A9 /* YJNSLayoutConstraintAnimate.m */ = {isa = PBXFileReference; fileEncoding = 4; lastKnownFileType = sourcecode.c.objc; path = YJNSLayoutConstraintAnimate.m; sourceTree = "<group>"; };
		841725861DACBC1C006022A9 /* YJNSLayoutAnchor.h */ = {isa = PBXFileReference; fileEncoding = 4; lastKnownFileType = sourcecode.c.h; path = YJNSLayoutAnchor.h; sourceTree = "<group>"; };
		841725871DACBC1C006022A9 /* YJNSLayoutAnchor.m */ = {isa = PBXFileReference; fileEncoding = 4; lastKnownFileType = sourcecode.c.objc; path = YJNSLayoutAnchor.m; sourceTree = "<group>"; };
		841725881DACBC1C006022A9 /* YJNSLayoutDimension.h */ = {isa = PBXFileReference; fileEncoding = 4; lastKnownFileType = sourcecode.c.h; path = YJNSLayoutDimension.h; sourceTree = "<group>"; };
		841725891DACBC1C006022A9 /* YJNSLayoutDimension.m */ = {isa = PBXFileReference; fileEncoding = 4; lastKnownFileType = sourcecode.c.objc; path = YJNSLayoutDimension.m; sourceTree = "<group>"; };
		8417258A1DACBC1C006022A9 /* YJNSLayoutXAxisAnchor.h */ = {isa = PBXFileReference; fileEncoding = 4; lastKnownFileType = sourcecode.c.h; path = YJNSLayoutXAxisAnchor.h; sourceTree = "<group>"; };
		8417258B1DACBC1C006022A9 /* YJNSLayoutXAxisAnchor.m */ = {isa = PBXFileReference; fileEncoding = 4; lastKnownFileType = sourcecode.c.objc; path = YJNSLayoutXAxisAnchor.m; sourceTree = "<group>"; };
		8417258C1DACBC1C006022A9 /* YJNSLayoutYAxisAnchor.h */ = {isa = PBXFileReference; fileEncoding = 4; lastKnownFileType = sourcecode.c.h; path = YJNSLayoutYAxisAnchor.h; sourceTree = "<group>"; };
		8417258D1DACBC1C006022A9 /* YJNSLayoutYAxisAnchor.m */ = {isa = PBXFileReference; fileEncoding = 4; lastKnownFileType = sourcecode.c.objc; path = YJNSLayoutYAxisAnchor.m; sourceTree = "<group>"; };
		8417258E1DACBC1C006022A9 /* YJUILayoutSupport.h */ = {isa = PBXFileReference; fileEncoding = 4; lastKnownFileType = sourcecode.c.h; path = YJUILayoutSupport.h; sourceTree = "<group>"; };
		8417258F1DACBC1C006022A9 /* YJUILayoutSupport.m */ = {isa = PBXFileReference; fileEncoding = 4; lastKnownFileType = sourcecode.c.objc; path = YJUILayoutSupport.m; sourceTree = "<group>"; };
		841725911DACBC1C006022A9 /* UIView+YJUIViewLayoutConstraintCreation.h */ = {isa = PBXFileReference; fileEncoding = 4; lastKnownFileType = sourcecode.c.h; path = "UIView+YJUIViewLayoutConstraintCreation.h"; sourceTree = "<group>"; };
		841725921DACBC1C006022A9 /* UIView+YJUIViewLayoutConstraintCreation.m */ = {isa = PBXFileReference; fileEncoding = 4; lastKnownFileType = sourcecode.c.objc; path = "UIView+YJUIViewLayoutConstraintCreation.m"; sourceTree = "<group>"; };
		841725941DACBC1C006022A9 /* UIViewController+YJUILayoutSupport.h */ = {isa = PBXFileReference; fileEncoding = 4; lastKnownFileType = sourcecode.c.h; path = "UIViewController+YJUILayoutSupport.h"; sourceTree = "<group>"; };
		841725951DACBC1C006022A9 /* UIViewController+YJUILayoutSupport.m */ = {isa = PBXFileReference; fileEncoding = 4; lastKnownFileType = sourcecode.c.objc; path = "UIViewController+YJUILayoutSupport.m"; sourceTree = "<group>"; };
		841725961DACBC1C006022A9 /* YJAutoLayout.h */ = {isa = PBXFileReference; fileEncoding = 4; lastKnownFileType = sourcecode.c.h; path = YJAutoLayout.h; sourceTree = "<group>"; };
		841725991DACBC1C006022A9 /* YJUICollectionReusableView.h */ = {isa = PBXFileReference; fileEncoding = 4; lastKnownFileType = sourcecode.c.h; path = YJUICollectionReusableView.h; sourceTree = "<group>"; };
		8417259A1DACBC1C006022A9 /* YJUICollectionReusableView.m */ = {isa = PBXFileReference; fileEncoding = 4; lastKnownFileType = sourcecode.c.objc; path = YJUICollectionReusableView.m; sourceTree = "<group>"; };
		8417259B1DACBC1C006022A9 /* YJUICollectionViewCell.h */ = {isa = PBXFileReference; fileEncoding = 4; lastKnownFileType = sourcecode.c.h; path = YJUICollectionViewCell.h; sourceTree = "<group>"; };
		8417259C1DACBC1C006022A9 /* YJUICollectionViewCell.m */ = {isa = PBXFileReference; fileEncoding = 4; lastKnownFileType = sourcecode.c.objc; path = YJUICollectionViewCell.m; sourceTree = "<group>"; };
		8417259E1DACBC1C006022A9 /* YJUICollectionCellObject.h */ = {isa = PBXFileReference; fileEncoding = 4; lastKnownFileType = sourcecode.c.h; path = YJUICollectionCellObject.h; sourceTree = "<group>"; };
		8417259F1DACBC1C006022A9 /* YJUICollectionCellObject.m */ = {isa = PBXFileReference; fileEncoding = 4; lastKnownFileType = sourcecode.c.objc; path = YJUICollectionCellObject.m; sourceTree = "<group>"; };
		841725A11DACBC1C006022A9 /* YJUICollectionViewDataSource.h */ = {isa = PBXFileReference; fileEncoding = 4; lastKnownFileType = sourcecode.c.h; path = YJUICollectionViewDataSource.h; sourceTree = "<group>"; };
		841725A21DACBC1C006022A9 /* YJUICollectionViewDataSource.m */ = {isa = PBXFileReference; fileEncoding = 4; lastKnownFileType = sourcecode.c.objc; path = YJUICollectionViewDataSource.m; sourceTree = "<group>"; };
		841725A41DACBC1C006022A9 /* YJUICollectionViewDelegate.h */ = {isa = PBXFileReference; fileEncoding = 4; lastKnownFileType = sourcecode.c.h; path = YJUICollectionViewDelegate.h; sourceTree = "<group>"; };
		841725A51DACBC1C006022A9 /* YJUICollectionViewDelegate.m */ = {isa = PBXFileReference; fileEncoding = 4; lastKnownFileType = sourcecode.c.objc; path = YJUICollectionViewDelegate.m; sourceTree = "<group>"; };
		841725A61DACBC1C006022A9 /* YJUICollectionView.h */ = {isa = PBXFileReference; fileEncoding = 4; lastKnownFileType = sourcecode.c.h; path = YJUICollectionView.h; sourceTree = "<group>"; };
		841725A81DACBC1C006022A9 /* UITextField+YJInputLength.h */ = {isa = PBXFileReference; fileEncoding = 4; lastKnownFileType = sourcecode.c.h; path = "UITextField+YJInputLength.h"; sourceTree = "<group>"; };
		841725A91DACBC1C006022A9 /* UITextField+YJInputLength.m */ = {isa = PBXFileReference; fileEncoding = 4; lastKnownFileType = sourcecode.c.objc; path = "UITextField+YJInputLength.m"; sourceTree = "<group>"; };
		841725AA1DACBC1C006022A9 /* UITextView+YJInputLength.h */ = {isa = PBXFileReference; fileEncoding = 4; lastKnownFileType = sourcecode.c.h; path = "UITextView+YJInputLength.h"; sourceTree = "<group>"; };
		841725AB1DACBC1C006022A9 /* UITextView+YJInputLength.m */ = {isa = PBXFileReference; fileEncoding = 4; lastKnownFileType = sourcecode.c.objc; path = "UITextView+YJInputLength.m"; sourceTree = "<group>"; };
		841725AC1DACBC1C006022A9 /* YJInputLength.h */ = {isa = PBXFileReference; fileEncoding = 4; lastKnownFileType = sourcecode.c.h; path = YJInputLength.h; sourceTree = "<group>"; };
		841725AF1DACBC1C006022A9 /* YJUIBarButtonItem.h */ = {isa = PBXFileReference; fileEncoding = 4; lastKnownFileType = sourcecode.c.h; path = YJUIBarButtonItem.h; sourceTree = "<group>"; };
		841725B01DACBC1C006022A9 /* YJUIBarButtonItem.m */ = {isa = PBXFileReference; fileEncoding = 4; lastKnownFileType = sourcecode.c.objc; path = YJUIBarButtonItem.m; sourceTree = "<group>"; };
		841725B11DACBC1C006022A9 /* YJUIBarButtonView.h */ = {isa = PBXFileReference; fileEncoding = 4; lastKnownFileType = sourcecode.c.h; path = YJUIBarButtonView.h; sourceTree = "<group>"; };
		841725B21DACBC1C006022A9 /* YJUIBarButtonView.m */ = {isa = PBXFileReference; fileEncoding = 4; lastKnownFileType = sourcecode.c.objc; path = YJUIBarButtonView.m; sourceTree = "<group>"; };
		841725B31DACBC1C006022A9 /* YJUINavigationBar.h */ = {isa = PBXFileReference; fileEncoding = 4; lastKnownFileType = sourcecode.c.h; path = YJUINavigationBar.h; sourceTree = "<group>"; };
		841725B41DACBC1C006022A9 /* YJUINavigationBar.m */ = {isa = PBXFileReference; fileEncoding = 4; lastKnownFileType = sourcecode.c.objc; path = YJUINavigationBar.m; sourceTree = "<group>"; };
		841725B71DACBC1C006022A9 /* YJUIImagePageModel.h */ = {isa = PBXFileReference; fileEncoding = 4; lastKnownFileType = sourcecode.c.h; path = YJUIImagePageModel.h; sourceTree = "<group>"; };
		841725B81DACBC1C006022A9 /* YJUIImagePageModel.m */ = {isa = PBXFileReference; fileEncoding = 4; lastKnownFileType = sourcecode.c.objc; path = YJUIImagePageModel.m; sourceTree = "<group>"; };
		841725B91DACBC1C006022A9 /* YJUIImagePageViewController.h */ = {isa = PBXFileReference; fileEncoding = 4; lastKnownFileType = sourcecode.c.h; path = YJUIImagePageViewController.h; sourceTree = "<group>"; };
		841725BA1DACBC1C006022A9 /* YJUIImagePageViewController.m */ = {isa = PBXFileReference; fileEncoding = 4; lastKnownFileType = sourcecode.c.objc; path = YJUIImagePageViewController.m; sourceTree = "<group>"; };
		841725BB1DACBC1C006022A9 /* YJUIImagePageViewController.xib */ = {isa = PBXFileReference; fileEncoding = 4; lastKnownFileType = file.xib; path = YJUIImagePageViewController.xib; sourceTree = "<group>"; };
		841725BC1DACBC1C006022A9 /* YJUIPageView.h */ = {isa = PBXFileReference; fileEncoding = 4; lastKnownFileType = sourcecode.c.h; path = YJUIPageView.h; sourceTree = "<group>"; };
		841725BD1DACBC1C006022A9 /* YJUIPageView.m */ = {isa = PBXFileReference; fileEncoding = 4; lastKnownFileType = sourcecode.c.objc; path = YJUIPageView.m; sourceTree = "<group>"; };
		841725BE1DACBC1C006022A9 /* YJUIPageViewController.h */ = {isa = PBXFileReference; fileEncoding = 4; lastKnownFileType = sourcecode.c.h; path = YJUIPageViewController.h; sourceTree = "<group>"; };
		841725BF1DACBC1C006022A9 /* YJUIPageViewController.m */ = {isa = PBXFileReference; fileEncoding = 4; lastKnownFileType = sourcecode.c.objc; path = YJUIPageViewController.m; sourceTree = "<group>"; };
		841725C01DACBC1C006022A9 /* YJUIPageViewObject.h */ = {isa = PBXFileReference; fileEncoding = 4; lastKnownFileType = sourcecode.c.h; path = YJUIPageViewObject.h; sourceTree = "<group>"; };
		841725C11DACBC1C006022A9 /* YJUIPageViewObject.m */ = {isa = PBXFileReference; fileEncoding = 4; lastKnownFileType = sourcecode.c.objc; path = YJUIPageViewObject.m; sourceTree = "<group>"; };
		841725C41DACBC1C006022A9 /* YJUITableViewDataSource.h */ = {isa = PBXFileReference; fileEncoding = 4; lastKnownFileType = sourcecode.c.h; path = YJUITableViewDataSource.h; sourceTree = "<group>"; };
		841725C51DACBC1C006022A9 /* YJUITableViewDataSource.m */ = {isa = PBXFileReference; fileEncoding = 4; lastKnownFileType = sourcecode.c.objc; path = YJUITableViewDataSource.m; sourceTree = "<group>"; };
		841725C71DACBC1C006022A9 /* YJUITableViewDelegate.h */ = {isa = PBXFileReference; fileEncoding = 4; lastKnownFileType = sourcecode.c.h; path = YJUITableViewDelegate.h; sourceTree = "<group>"; };
		841725C81DACBC1C006022A9 /* YJUITableViewDelegate.m */ = {isa = PBXFileReference; fileEncoding = 4; lastKnownFileType = sourcecode.c.objc; path = YJUITableViewDelegate.m; sourceTree = "<group>"; };
		841725CA1DACBC1C006022A9 /* YJUiSuspensionCellView.h */ = {isa = PBXFileReference; fileEncoding = 4; lastKnownFileType = sourcecode.c.h; path = YJUiSuspensionCellView.h; sourceTree = "<group>"; };
		841725CB1DACBC1C006022A9 /* YJUISuspensionCellView.m */ = {isa = PBXFileReference; fileEncoding = 4; lastKnownFileType = sourcecode.c.objc; path = YJUISuspensionCellView.m; sourceTree = "<group>"; };
		841725CD1DACBC1C006022A9 /* YJUITableViewCell.h */ = {isa = PBXFileReference; fileEncoding = 4; lastKnownFileType = sourcecode.c.h; path = YJUITableViewCell.h; sourceTree = "<group>"; };
		841725CE1DACBC1C006022A9 /* YJUITableViewCell.m */ = {isa = PBXFileReference; fileEncoding = 4; lastKnownFileType = sourcecode.c.objc; path = YJUITableViewCell.m; sourceTree = "<group>"; };
		841725D01DACBC1C006022A9 /* YJUITableCellObject.h */ = {isa = PBXFileReference; fileEncoding = 4; lastKnownFileType = sourcecode.c.h; path = YJUITableCellObject.h; sourceTree = "<group>"; };
		841725D11DACBC1C006022A9 /* YJUITableCellObject.m */ = {isa = PBXFileReference; fileEncoding = 4; lastKnownFileType = sourcecode.c.objc; path = YJUITableCellObject.m; sourceTree = "<group>"; };
		841725D21DACBC1C006022A9 /* YJUITableView.h */ = {isa = PBXFileReference; fileEncoding = 4; lastKnownFileType = sourcecode.c.h; path = YJUITableView.h; sourceTree = "<group>"; };
		841725D41DACBC1C006022A9 /* UIView+YJUIViewGeometry.h */ = {isa = PBXFileReference; fileEncoding = 4; lastKnownFileType = sourcecode.c.h; path = "UIView+YJUIViewGeometry.h"; sourceTree = "<group>"; };
		841725D51DACBC1C006022A9 /* UIView+YJUIViewGeometry.m */ = {isa = PBXFileReference; fileEncoding = 4; lastKnownFileType = sourcecode.c.objc; path = "UIView+YJUIViewGeometry.m"; sourceTree = "<group>"; };
		841725D61DACBC1C006022A9 /* YJUIKit.h */ = {isa = PBXFileReference; fileEncoding = 4; lastKnownFileType = sourcecode.c.h; path = YJUIKit.h; sourceTree = "<group>"; };
		8444EB1F1D6D4A740088D112 /* YJCocoa.h */ = {isa = PBXFileReference; fileEncoding = 4; lastKnownFileType = sourcecode.c.h; path = YJCocoa.h; sourceTree = "<group>"; };
		846C27BB1CF5BB66002DACDA /* docset-installed.sh */ = {isa = PBXFileReference; fileEncoding = 4; lastKnownFileType = text.script.sh; name = "docset-installed.sh"; path = "../../../Documentation/docset-installed.sh"; sourceTree = "<group>"; };
		8473AB781CE969DB000E3580 /* YJCocoa.app */ = {isa = PBXFileReference; explicitFileType = wrapper.application; includeInIndex = 0; path = YJCocoa.app; sourceTree = BUILT_PRODUCTS_DIR; };
		8473AB7C1CE969DB000E3580 /* main.m */ = {isa = PBXFileReference; lastKnownFileType = sourcecode.c.objc; path = main.m; sourceTree = "<group>"; };
		8473AB7E1CE969DB000E3580 /* AppDelegate.h */ = {isa = PBXFileReference; lastKnownFileType = sourcecode.c.h; path = AppDelegate.h; sourceTree = "<group>"; };
		8473AB7F1CE969DB000E3580 /* AppDelegate.m */ = {isa = PBXFileReference; lastKnownFileType = sourcecode.c.objc; path = AppDelegate.m; sourceTree = "<group>"; };
		8473AB811CE969DB000E3580 /* ViewController.h */ = {isa = PBXFileReference; lastKnownFileType = sourcecode.c.h; path = ViewController.h; sourceTree = "<group>"; };
		8473AB821CE969DB000E3580 /* ViewController.m */ = {isa = PBXFileReference; lastKnownFileType = sourcecode.c.objc; path = ViewController.m; sourceTree = "<group>"; };
		8473AB851CE969DB000E3580 /* Base */ = {isa = PBXFileReference; lastKnownFileType = file.storyboard; name = Base; path = Base.lproj/Main.storyboard; sourceTree = "<group>"; };
		8473AB871CE969DB000E3580 /* Assets.xcassets */ = {isa = PBXFileReference; lastKnownFileType = folder.assetcatalog; path = Assets.xcassets; sourceTree = "<group>"; };
		8473AB8A1CE969DB000E3580 /* Base */ = {isa = PBXFileReference; lastKnownFileType = file.storyboard; name = Base; path = Base.lproj/LaunchScreen.storyboard; sourceTree = "<group>"; };
		8473AB8C1CE969DB000E3580 /* Info.plist */ = {isa = PBXFileReference; lastKnownFileType = text.plist.xml; path = Info.plist; sourceTree = "<group>"; };
		8473AC171CE96DEC000E3580 /* YJCocoa.podspec */ = {isa = PBXFileReference; fileEncoding = 4; lastKnownFileType = text; name = YJCocoa.podspec; path = ../../../YJCocoa.podspec; sourceTree = "<group>"; };
		84D3551D1DAB432F0097D526 /* YJDispatch.h */ = {isa = PBXFileReference; fileEncoding = 4; lastKnownFileType = sourcecode.c.h; path = YJDispatch.h; sourceTree = "<group>"; };
		84D3551E1DAB432F0097D526 /* YJDispatch.m */ = {isa = PBXFileReference; fileEncoding = 4; lastKnownFileType = sourcecode.c.objc; path = YJDispatch.m; sourceTree = "<group>"; };
		84D355211DAB43470097D526 /* YJSystem.h */ = {isa = PBXFileReference; lastKnownFileType = sourcecode.c.h; path = YJSystem.h; sourceTree = "<group>"; };
		84D3553A1DAB59390097D526 /* YJSecKeychainGPItem.h */ = {isa = PBXFileReference; fileEncoding = 4; lastKnownFileType = sourcecode.c.h; path = YJSecKeychainGPItem.h; sourceTree = "<group>"; };
		84D3553B1DAB59390097D526 /* YJSecKeychainGPItem.m */ = {isa = PBXFileReference; fileEncoding = 4; lastKnownFileType = sourcecode.c.objc; path = YJSecKeychainGPItem.m; sourceTree = "<group>"; };
		84D3553C1DAB59390097D526 /* YJSecKeychainItem.h */ = {isa = PBXFileReference; fileEncoding = 4; lastKnownFileType = sourcecode.c.h; path = YJSecKeychainItem.h; sourceTree = "<group>"; };
		84D3553D1DAB59390097D526 /* YJSecKeychainItem.m */ = {isa = PBXFileReference; fileEncoding = 4; lastKnownFileType = sourcecode.c.objc; path = YJSecKeychainItem.m; sourceTree = "<group>"; };
		84D3553E1DAB59390097D526 /* YJSecKeychain.h */ = {isa = PBXFileReference; fileEncoding = 4; lastKnownFileType = sourcecode.c.h; path = YJSecKeychain.h; sourceTree = "<group>"; };
		84D3553F1DAB59390097D526 /* YJSecKeychain.m */ = {isa = PBXFileReference; fileEncoding = 4; lastKnownFileType = sourcecode.c.objc; path = YJSecKeychain.m; sourceTree = "<group>"; };
		84D355411DAB59390097D526 /* YJSecRandom.h */ = {isa = PBXFileReference; fileEncoding = 4; lastKnownFileType = sourcecode.c.h; path = YJSecRandom.h; sourceTree = "<group>"; };
		84D355421DAB59390097D526 /* YJSecRandom.m */ = {isa = PBXFileReference; fileEncoding = 4; lastKnownFileType = sourcecode.c.objc; path = YJSecRandom.m; sourceTree = "<group>"; };
		84D355431DAB59390097D526 /* YJSecurity.h */ = {isa = PBXFileReference; fileEncoding = 4; lastKnownFileType = sourcecode.c.h; path = YJSecurity.h; sourceTree = "<group>"; };
		84D3560D1DAB722B0097D526 /* NSObject+YJNSDictionaryModel.h */ = {isa = PBXFileReference; fileEncoding = 4; lastKnownFileType = sourcecode.c.h; path = "NSObject+YJNSDictionaryModel.h"; sourceTree = "<group>"; };
		84D3560E1DAB722B0097D526 /* NSObject+YJNSDictionaryModel.m */ = {isa = PBXFileReference; fileEncoding = 4; lastKnownFileType = sourcecode.c.objc; path = "NSObject+YJNSDictionaryModel.m"; sourceTree = "<group>"; };
		84D3560F1DAB722B0097D526 /* YJNSDictionaryModelManager.h */ = {isa = PBXFileReference; fileEncoding = 4; lastKnownFileType = sourcecode.c.h; path = YJNSDictionaryModelManager.h; sourceTree = "<group>"; };
		84D356101DAB722B0097D526 /* YJNSDictionaryModelManager.m */ = {isa = PBXFileReference; fileEncoding = 4; lastKnownFileType = sourcecode.c.objc; path = YJNSDictionaryModelManager.m; sourceTree = "<group>"; };
		84D356111DAB722B0097D526 /* YJNSDictionaryModelProperty.h */ = {isa = PBXFileReference; fileEncoding = 4; lastKnownFileType = sourcecode.c.h; path = YJNSDictionaryModelProperty.h; sourceTree = "<group>"; };
		84D356121DAB722B0097D526 /* YJNSDictionaryModelProperty.m */ = {isa = PBXFileReference; fileEncoding = 4; lastKnownFileType = sourcecode.c.objc; path = YJNSDictionaryModelProperty.m; sourceTree = "<group>"; };
		84D356141DAB722B0097D526 /* YJNSHttp.h */ = {isa = PBXFileReference; fileEncoding = 4; lastKnownFileType = sourcecode.c.h; path = YJNSHttp.h; sourceTree = "<group>"; };
		84D356151DAB722B0097D526 /* YJNSHttpAnalysis.h */ = {isa = PBXFileReference; fileEncoding = 4; lastKnownFileType = sourcecode.c.h; path = YJNSHttpAnalysis.h; sourceTree = "<group>"; };
		84D356161DAB722B0097D526 /* YJNSHttpAnalysis.m */ = {isa = PBXFileReference; fileEncoding = 4; lastKnownFileType = sourcecode.c.objc; path = YJNSHttpAnalysis.m; sourceTree = "<group>"; };
		84D356171DAB722B0097D526 /* YJNSHttpAssembly.h */ = {isa = PBXFileReference; fileEncoding = 4; lastKnownFileType = sourcecode.c.h; path = YJNSHttpAssembly.h; sourceTree = "<group>"; };
		84D356181DAB722B0097D526 /* YJNSHttpAssembly.m */ = {isa = PBXFileReference; fileEncoding = 4; lastKnownFileType = sourcecode.c.objc; path = YJNSHttpAssembly.m; sourceTree = "<group>"; };
		84D3561A1DAB722B0097D526 /* YJNSLog.h */ = {isa = PBXFileReference; fileEncoding = 4; lastKnownFileType = sourcecode.c.h; path = YJNSLog.h; sourceTree = "<group>"; };
		84D3561B1DAB722B0097D526 /* YJNSLog.m */ = {isa = PBXFileReference; fileEncoding = 4; lastKnownFileType = sourcecode.c.objc; path = YJNSLog.m; sourceTree = "<group>"; };
		84D3561D1DAB722B0097D526 /* YJNSFoundationOther.h */ = {isa = PBXFileReference; fileEncoding = 4; lastKnownFileType = sourcecode.c.h; path = YJNSFoundationOther.h; sourceTree = "<group>"; };
		84D3561E1DAB722B0097D526 /* YJNSFoundationOther.m */ = {isa = PBXFileReference; fileEncoding = 4; lastKnownFileType = sourcecode.c.objc; path = YJNSFoundationOther.m; sourceTree = "<group>"; };
		84D356201DAB722B0097D526 /* NSObject+YJNSPerformSelector.h */ = {isa = PBXFileReference; fileEncoding = 4; lastKnownFileType = sourcecode.c.h; path = "NSObject+YJNSPerformSelector.h"; sourceTree = "<group>"; };
		84D356211DAB722B0097D526 /* NSObject+YJNSPerformSelector.m */ = {isa = PBXFileReference; fileEncoding = 4; lastKnownFileType = sourcecode.c.objc; path = "NSObject+YJNSPerformSelector.m"; sourceTree = "<group>"; };
		84D356221DAB722B0097D526 /* YJNSPerformSelector.h */ = {isa = PBXFileReference; fileEncoding = 4; lastKnownFileType = sourcecode.c.h; path = YJNSPerformSelector.h; sourceTree = "<group>"; };
		84D356231DAB722B0097D526 /* YJNSPerformSelector.m */ = {isa = PBXFileReference; fileEncoding = 4; lastKnownFileType = sourcecode.c.objc; path = YJNSPerformSelector.m; sourceTree = "<group>"; };
		84D356251DAB722B0097D526 /* YJNSSingletonMCenter.h */ = {isa = PBXFileReference; fileEncoding = 4; lastKnownFileType = sourcecode.c.h; path = YJNSSingletonMCenter.h; sourceTree = "<group>"; };
		84D356261DAB722B0097D526 /* YJNSSingletonMCenter.m */ = {isa = PBXFileReference; fileEncoding = 4; lastKnownFileType = sourcecode.c.objc; path = YJNSSingletonMCenter.m; sourceTree = "<group>"; };
		84D356281DAB722B0097D526 /* YJNSTimer.h */ = {isa = PBXFileReference; fileEncoding = 4; lastKnownFileType = sourcecode.c.h; path = YJNSTimer.h; sourceTree = "<group>"; };
		84D356291DAB722B0097D526 /* YJNSTimer.m */ = {isa = PBXFileReference; fileEncoding = 4; lastKnownFileType = sourcecode.c.objc; path = YJNSTimer.m; sourceTree = "<group>"; };
		84D3562A1DAB722B0097D526 /* YJFoundation.h */ = {isa = PBXFileReference; fileEncoding = 4; lastKnownFileType = sourcecode.c.h; path = YJFoundation.h; sourceTree = "<group>"; };
		84D3562D1DAB722B0097D526 /* YJAppFrameworks.h */ = {isa = PBXFileReference; fileEncoding = 4; lastKnownFileType = sourcecode.c.h; path = YJAppFrameworks.h; sourceTree = "<group>"; };
/* End PBXFileReference section */

/* Begin PBXFrameworksBuildPhase section */
		8473AB751CE969DB000E3580 /* Frameworks */ = {
			isa = PBXFrameworksBuildPhase;
			buildActionMask = 2147483647;
			files = (
			);
			runOnlyForDeploymentPostprocessing = 0;
		};
/* End PBXFrameworksBuildPhase section */

/* Begin PBXGroup section */
		8417257E1DACBC1C006022A9 /* UIKit */ = {
			isa = PBXGroup;
			children = (
				8417257F1DACBC1C006022A9 /* AutoLayout */,
				841725971DACBC1C006022A9 /* CollectionView */,
				841725A71DACBC1C006022A9 /* InputLength */,
				841725AD1DACBC1C006022A9 /* NavigationBar */,
				841725B51DACBC1C006022A9 /* PageView */,
				841725C21DACBC1C006022A9 /* TableView */,
				841725D31DACBC1C006022A9 /* ViewGeometry */,
				841725D61DACBC1C006022A9 /* YJUIKit.h */,
			);
			path = UIKit;
			sourceTree = "<group>";
		};
		8417257F1DACBC1C006022A9 /* AutoLayout */ = {
			isa = PBXGroup;
			children = (
				841725801DACBC1C006022A9 /* Extend */,
				841725851DACBC1C006022A9 /* LayoutAnchor */,
				841725901DACBC1C006022A9 /* UIView */,
				841725931DACBC1C006022A9 /* UIViewController */,
				841725961DACBC1C006022A9 /* YJAutoLayout.h */,
			);
			path = AutoLayout;
			sourceTree = "<group>";
		};
		841725801DACBC1C006022A9 /* Extend */ = {
			isa = PBXGroup;
			children = (
				841725811DACBC1C006022A9 /* NSLayoutConstraint+YJAutoLayout.h */,
				841725821DACBC1C006022A9 /* NSLayoutConstraint+YJAutoLayout.m */,
				841725831DACBC1C006022A9 /* YJNSLayoutConstraintAnimate.h */,
				841725841DACBC1C006022A9 /* YJNSLayoutConstraintAnimate.m */,
			);
			path = Extend;
			sourceTree = "<group>";
		};
		841725851DACBC1C006022A9 /* LayoutAnchor */ = {
			isa = PBXGroup;
			children = (
				841725861DACBC1C006022A9 /* YJNSLayoutAnchor.h */,
				841725871DACBC1C006022A9 /* YJNSLayoutAnchor.m */,
				841725881DACBC1C006022A9 /* YJNSLayoutDimension.h */,
				841725891DACBC1C006022A9 /* YJNSLayoutDimension.m */,
				8417258A1DACBC1C006022A9 /* YJNSLayoutXAxisAnchor.h */,
				8417258B1DACBC1C006022A9 /* YJNSLayoutXAxisAnchor.m */,
				8417258C1DACBC1C006022A9 /* YJNSLayoutYAxisAnchor.h */,
				8417258D1DACBC1C006022A9 /* YJNSLayoutYAxisAnchor.m */,
				8417258E1DACBC1C006022A9 /* YJUILayoutSupport.h */,
				8417258F1DACBC1C006022A9 /* YJUILayoutSupport.m */,
			);
			path = LayoutAnchor;
			sourceTree = "<group>";
		};
		841725901DACBC1C006022A9 /* UIView */ = {
			isa = PBXGroup;
			children = (
				841725911DACBC1C006022A9 /* UIView+YJUIViewLayoutConstraintCreation.h */,
				841725921DACBC1C006022A9 /* UIView+YJUIViewLayoutConstraintCreation.m */,
			);
			path = UIView;
			sourceTree = "<group>";
		};
		841725931DACBC1C006022A9 /* UIViewController */ = {
			isa = PBXGroup;
			children = (
				841725941DACBC1C006022A9 /* UIViewController+YJUILayoutSupport.h */,
				841725951DACBC1C006022A9 /* UIViewController+YJUILayoutSupport.m */,
			);
			path = UIViewController;
			sourceTree = "<group>";
		};
		841725971DACBC1C006022A9 /* CollectionView */ = {
			isa = PBXGroup;
			children = (
				841725981DACBC1C006022A9 /* CollectionCell */,
				8417259D1DACBC1C006022A9 /* CollectionCellObject */,
				841725A01DACBC1C006022A9 /* DataSource */,
				841725A31DACBC1C006022A9 /* Delegate */,
				841725A61DACBC1C006022A9 /* YJUICollectionView.h */,
			);
			path = CollectionView;
			sourceTree = "<group>";
		};
		841725981DACBC1C006022A9 /* CollectionCell */ = {
			isa = PBXGroup;
			children = (
				841725991DACBC1C006022A9 /* YJUICollectionReusableView.h */,
				8417259A1DACBC1C006022A9 /* YJUICollectionReusableView.m */,
				8417259B1DACBC1C006022A9 /* YJUICollectionViewCell.h */,
				8417259C1DACBC1C006022A9 /* YJUICollectionViewCell.m */,
			);
			path = CollectionCell;
			sourceTree = "<group>";
		};
		8417259D1DACBC1C006022A9 /* CollectionCellObject */ = {
			isa = PBXGroup;
			children = (
				8417259E1DACBC1C006022A9 /* YJUICollectionCellObject.h */,
				8417259F1DACBC1C006022A9 /* YJUICollectionCellObject.m */,
			);
			path = CollectionCellObject;
			sourceTree = "<group>";
		};
		841725A01DACBC1C006022A9 /* DataSource */ = {
			isa = PBXGroup;
			children = (
				841725A11DACBC1C006022A9 /* YJUICollectionViewDataSource.h */,
				841725A21DACBC1C006022A9 /* YJUICollectionViewDataSource.m */,
			);
			path = DataSource;
			sourceTree = "<group>";
		};
		841725A31DACBC1C006022A9 /* Delegate */ = {
			isa = PBXGroup;
			children = (
				841725A41DACBC1C006022A9 /* YJUICollectionViewDelegate.h */,
				841725A51DACBC1C006022A9 /* YJUICollectionViewDelegate.m */,
			);
			path = Delegate;
			sourceTree = "<group>";
		};
		841725A71DACBC1C006022A9 /* InputLength */ = {
			isa = PBXGroup;
			children = (
				841725A81DACBC1C006022A9 /* UITextField+YJInputLength.h */,
				841725A91DACBC1C006022A9 /* UITextField+YJInputLength.m */,
				841725AA1DACBC1C006022A9 /* UITextView+YJInputLength.h */,
				841725AB1DACBC1C006022A9 /* UITextView+YJInputLength.m */,
				841725AC1DACBC1C006022A9 /* YJInputLength.h */,
			);
			path = InputLength;
			sourceTree = "<group>";
		};
		841725AD1DACBC1C006022A9 /* NavigationBar */ = {
			isa = PBXGroup;
			children = (
				841725AE1DACBC1C006022A9 /* Core */,
				841725B31DACBC1C006022A9 /* YJUINavigationBar.h */,
				841725B41DACBC1C006022A9 /* YJUINavigationBar.m */,
			);
			path = NavigationBar;
			sourceTree = "<group>";
		};
		841725AE1DACBC1C006022A9 /* Core */ = {
			isa = PBXGroup;
			children = (
				841725AF1DACBC1C006022A9 /* YJUIBarButtonItem.h */,
				841725B01DACBC1C006022A9 /* YJUIBarButtonItem.m */,
				841725B11DACBC1C006022A9 /* YJUIBarButtonView.h */,
				841725B21DACBC1C006022A9 /* YJUIBarButtonView.m */,
			);
			path = Core;
			sourceTree = "<group>";
		};
		841725B51DACBC1C006022A9 /* PageView */ = {
			isa = PBXGroup;
			children = (
				841725B61DACBC1C006022A9 /* ImagePage */,
				841725BC1DACBC1C006022A9 /* YJUIPageView.h */,
				841725BD1DACBC1C006022A9 /* YJUIPageView.m */,
				841725BE1DACBC1C006022A9 /* YJUIPageViewController.h */,
				841725BF1DACBC1C006022A9 /* YJUIPageViewController.m */,
				841725C01DACBC1C006022A9 /* YJUIPageViewObject.h */,
				841725C11DACBC1C006022A9 /* YJUIPageViewObject.m */,
			);
			path = PageView;
			sourceTree = "<group>";
		};
		841725B61DACBC1C006022A9 /* ImagePage */ = {
			isa = PBXGroup;
			children = (
				841725B71DACBC1C006022A9 /* YJUIImagePageModel.h */,
				841725B81DACBC1C006022A9 /* YJUIImagePageModel.m */,
				841725B91DACBC1C006022A9 /* YJUIImagePageViewController.h */,
				841725BA1DACBC1C006022A9 /* YJUIImagePageViewController.m */,
				841725BB1DACBC1C006022A9 /* YJUIImagePageViewController.xib */,
			);
			path = ImagePage;
			sourceTree = "<group>";
		};
		841725C21DACBC1C006022A9 /* TableView */ = {
			isa = PBXGroup;
			children = (
				841725C31DACBC1C006022A9 /* DataSource */,
				841725C61DACBC1C006022A9 /* Delegate */,
				841725C91DACBC1C006022A9 /* Suspension */,
				841725CC1DACBC1C006022A9 /* TableCell */,
				841725CF1DACBC1C006022A9 /* TableCellObject */,
				841725D21DACBC1C006022A9 /* YJUITableView.h */,
			);
			path = TableView;
			sourceTree = "<group>";
		};
		841725C31DACBC1C006022A9 /* DataSource */ = {
			isa = PBXGroup;
			children = (
				841725C41DACBC1C006022A9 /* YJUITableViewDataSource.h */,
				841725C51DACBC1C006022A9 /* YJUITableViewDataSource.m */,
			);
			path = DataSource;
			sourceTree = "<group>";
		};
		841725C61DACBC1C006022A9 /* Delegate */ = {
			isa = PBXGroup;
			children = (
				841725C71DACBC1C006022A9 /* YJUITableViewDelegate.h */,
				841725C81DACBC1C006022A9 /* YJUITableViewDelegate.m */,
			);
			path = Delegate;
			sourceTree = "<group>";
		};
		841725C91DACBC1C006022A9 /* Suspension */ = {
			isa = PBXGroup;
			children = (
				841725CA1DACBC1C006022A9 /* YJUiSuspensionCellView.h */,
				841725CB1DACBC1C006022A9 /* YJUISuspensionCellView.m */,
			);
			path = Suspension;
			sourceTree = "<group>";
		};
		841725CC1DACBC1C006022A9 /* TableCell */ = {
			isa = PBXGroup;
			children = (
				841725CD1DACBC1C006022A9 /* YJUITableViewCell.h */,
				841725CE1DACBC1C006022A9 /* YJUITableViewCell.m */,
			);
			path = TableCell;
			sourceTree = "<group>";
		};
		841725CF1DACBC1C006022A9 /* TableCellObject */ = {
			isa = PBXGroup;
			children = (
				841725D01DACBC1C006022A9 /* YJUITableCellObject.h */,
				841725D11DACBC1C006022A9 /* YJUITableCellObject.m */,
			);
			path = TableCellObject;
			sourceTree = "<group>";
		};
		841725D31DACBC1C006022A9 /* ViewGeometry */ = {
			isa = PBXGroup;
			children = (
				841725D41DACBC1C006022A9 /* UIView+YJUIViewGeometry.h */,
				841725D51DACBC1C006022A9 /* UIView+YJUIViewGeometry.m */,
			);
			path = ViewGeometry;
			sourceTree = "<group>";
		};
		8444EA961D6D4A740088D112 /* Cocoa */ = {
			isa = PBXGroup;
			children = (
				84D3560A1DAB722B0097D526 /* AppFrameworks */,
				84D3551B1DAB432F0097D526 /* System */,
				8444EB1F1D6D4A740088D112 /* YJCocoa.h */,
			);
			name = Cocoa;
			path = ../../../Cocoa;
			sourceTree = "<group>";
		};
		8473AB6F1CE969DB000E3580 = {
			isa = PBXGroup;
			children = (
				8473AB7A1CE969DB000E3580 /* YJCocoa */,
				8473AB791CE969DB000E3580 /* Products */,
			);
			sourceTree = "<group>";
		};
		8473AB791CE969DB000E3580 /* Products */ = {
			isa = PBXGroup;
			children = (
				8473AB781CE969DB000E3580 /* YJCocoa.app */,
			);
			name = Products;
			sourceTree = "<group>";
		};
		8473AB7A1CE969DB000E3580 /* YJCocoa */ = {
			isa = PBXGroup;
			children = (
				8473AB7E1CE969DB000E3580 /* AppDelegate.h */,
				8473AB7F1CE969DB000E3580 /* AppDelegate.m */,
				8473AB811CE969DB000E3580 /* ViewController.h */,
				8473AB821CE969DB000E3580 /* ViewController.m */,
				8444EA961D6D4A740088D112 /* Cocoa */,
				8473AC051CE96C75000E3580 /* Resources */,
				8473AB7B1CE969DB000E3580 /* Supporting Files */,
			);
			path = YJCocoa;
			sourceTree = "<group>";
		};
		8473AB7B1CE969DB000E3580 /* Supporting Files */ = {
			isa = PBXGroup;
			children = (
				846C27BB1CF5BB66002DACDA /* docset-installed.sh */,
				8473AB8C1CE969DB000E3580 /* Info.plist */,
				8473AB7C1CE969DB000E3580 /* main.m */,
				8473AC171CE96DEC000E3580 /* YJCocoa.podspec */,
			);
			name = "Supporting Files";
			sourceTree = "<group>";
		};
		8473AC051CE96C75000E3580 /* Resources */ = {
			isa = PBXGroup;
			children = (
				8473AB841CE969DB000E3580 /* Main.storyboard */,
				8473AB871CE969DB000E3580 /* Assets.xcassets */,
				8473AB891CE969DB000E3580 /* LaunchScreen.storyboard */,
			);
			name = Resources;
			sourceTree = "<group>";
		};
		84D3551B1DAB432F0097D526 /* System */ = {
			isa = PBXGroup;
			children = (
				84D3551C1DAB432F0097D526 /* Dispatch */,
				84D3551F1DAB432F0097D526 /* Security */,
				84D355211DAB43470097D526 /* YJSystem.h */,
			);
			path = System;
			sourceTree = "<group>";
		};
		84D3551C1DAB432F0097D526 /* Dispatch */ = {
			isa = PBXGroup;
			children = (
				84D3551D1DAB432F0097D526 /* YJDispatch.h */,
				84D3551E1DAB432F0097D526 /* YJDispatch.m */,
			);
			path = Dispatch;
			sourceTree = "<group>";
		};
		84D3551F1DAB432F0097D526 /* Security */ = {
			isa = PBXGroup;
			children = (
				84D355381DAB59390097D526 /* Keychain */,
				84D355401DAB59390097D526 /* Random */,
				84D355431DAB59390097D526 /* YJSecurity.h */,
			);
			path = Security;
			sourceTree = "<group>";
		};
		84D355381DAB59390097D526 /* Keychain */ = {
			isa = PBXGroup;
			children = (
				84D355391DAB59390097D526 /* Item */,
				84D3553E1DAB59390097D526 /* YJSecKeychain.h */,
				84D3553F1DAB59390097D526 /* YJSecKeychain.m */,
			);
			path = Keychain;
			sourceTree = "<group>";
		};
		84D355391DAB59390097D526 /* Item */ = {
			isa = PBXGroup;
			children = (
				84D3553A1DAB59390097D526 /* YJSecKeychainGPItem.h */,
				84D3553B1DAB59390097D526 /* YJSecKeychainGPItem.m */,
				84D3553C1DAB59390097D526 /* YJSecKeychainItem.h */,
				84D3553D1DAB59390097D526 /* YJSecKeychainItem.m */,
			);
			path = Item;
			sourceTree = "<group>";
		};
		84D355401DAB59390097D526 /* Random */ = {
			isa = PBXGroup;
			children = (
				84D355411DAB59390097D526 /* YJSecRandom.h */,
				84D355421DAB59390097D526 /* YJSecRandom.m */,
			);
			path = Random;
			sourceTree = "<group>";
		};
		84D3560A1DAB722B0097D526 /* AppFrameworks */ = {
			isa = PBXGroup;
			children = (
				84D3560B1DAB722B0097D526 /* Foundation */,
				8417257E1DACBC1C006022A9 /* UIKit */,
				84D3562D1DAB722B0097D526 /* YJAppFrameworks.h */,
			);
			path = AppFrameworks;
			sourceTree = "<group>";
		};
		84D3560B1DAB722B0097D526 /* Foundation */ = {
			isa = PBXGroup;
			children = (
				84D3560C1DAB722B0097D526 /* DictionaryModel */,
				84D356131DAB722B0097D526 /* Http */,
				84D356191DAB722B0097D526 /* Log */,
				84D3561C1DAB722B0097D526 /* Other */,
				84D3561F1DAB722B0097D526 /* PerformSelector */,
				84D356241DAB722B0097D526 /* Singleton */,
				84D356271DAB722B0097D526 /* Timer */,
				84D3562A1DAB722B0097D526 /* YJFoundation.h */,
			);
			path = Foundation;
			sourceTree = "<group>";
		};
		84D3560C1DAB722B0097D526 /* DictionaryModel */ = {
			isa = PBXGroup;
			children = (
				84D3560D1DAB722B0097D526 /* NSObject+YJNSDictionaryModel.h */,
				84D3560E1DAB722B0097D526 /* NSObject+YJNSDictionaryModel.m */,
				84D3560F1DAB722B0097D526 /* YJNSDictionaryModelManager.h */,
				84D356101DAB722B0097D526 /* YJNSDictionaryModelManager.m */,
				84D356111DAB722B0097D526 /* YJNSDictionaryModelProperty.h */,
				84D356121DAB722B0097D526 /* YJNSDictionaryModelProperty.m */,
			);
			path = DictionaryModel;
			sourceTree = "<group>";
		};
		84D356131DAB722B0097D526 /* Http */ = {
			isa = PBXGroup;
			children = (
				84D356141DAB722B0097D526 /* YJNSHttp.h */,
				84D356151DAB722B0097D526 /* YJNSHttpAnalysis.h */,
				84D356161DAB722B0097D526 /* YJNSHttpAnalysis.m */,
				84D356171DAB722B0097D526 /* YJNSHttpAssembly.h */,
				84D356181DAB722B0097D526 /* YJNSHttpAssembly.m */,
			);
			path = Http;
			sourceTree = "<group>";
		};
		84D356191DAB722B0097D526 /* Log */ = {
			isa = PBXGroup;
			children = (
				84D3561A1DAB722B0097D526 /* YJNSLog.h */,
				84D3561B1DAB722B0097D526 /* YJNSLog.m */,
			);
			path = Log;
			sourceTree = "<group>";
		};
		84D3561C1DAB722B0097D526 /* Other */ = {
			isa = PBXGroup;
			children = (
				84D3561D1DAB722B0097D526 /* YJNSFoundationOther.h */,
				84D3561E1DAB722B0097D526 /* YJNSFoundationOther.m */,
			);
			path = Other;
			sourceTree = "<group>";
		};
		84D3561F1DAB722B0097D526 /* PerformSelector */ = {
			isa = PBXGroup;
			children = (
				84D356201DAB722B0097D526 /* NSObject+YJNSPerformSelector.h */,
				84D356211DAB722B0097D526 /* NSObject+YJNSPerformSelector.m */,
				84D356221DAB722B0097D526 /* YJNSPerformSelector.h */,
				84D356231DAB722B0097D526 /* YJNSPerformSelector.m */,
			);
			path = PerformSelector;
			sourceTree = "<group>";
		};
		84D356241DAB722B0097D526 /* Singleton */ = {
			isa = PBXGroup;
			children = (
				84D356251DAB722B0097D526 /* YJNSSingletonMCenter.h */,
				84D356261DAB722B0097D526 /* YJNSSingletonMCenter.m */,
			);
			path = Singleton;
			sourceTree = "<group>";
		};
		84D356271DAB722B0097D526 /* Timer */ = {
			isa = PBXGroup;
			children = (
				84D356281DAB722B0097D526 /* YJNSTimer.h */,
				84D356291DAB722B0097D526 /* YJNSTimer.m */,
			);
			path = Timer;
			sourceTree = "<group>";
		};
/* End PBXGroup section */

/* Begin PBXNativeTarget section */
		8473AB771CE969DB000E3580 /* YJCocoa */ = {
			isa = PBXNativeTarget;
			buildConfigurationList = 8473AB8F1CE969DB000E3580 /* Build configuration list for PBXNativeTarget "YJCocoa" */;
			buildPhases = (
				8473AB741CE969DB000E3580 /* Sources */,
				8473AB751CE969DB000E3580 /* Frameworks */,
				8473AB761CE969DB000E3580 /* Resources */,
			);
			buildRules = (
			);
			dependencies = (
			);
			name = YJCocoa;
			productName = YJCocoa;
			productReference = 8473AB781CE969DB000E3580 /* YJCocoa.app */;
			productType = "com.apple.product-type.application";
		};
/* End PBXNativeTarget section */

/* Begin PBXProject section */
		8473AB701CE969DB000E3580 /* Project object */ = {
			isa = PBXProject;
			attributes = {
				LastUpgradeCheck = 0730;
				ORGANIZATIONNAME = YJ;
				TargetAttributes = {
					8473AB771CE969DB000E3580 = {
						CreatedOnToolsVersion = 7.3.1;
					};
				};
			};
			buildConfigurationList = 8473AB731CE969DB000E3580 /* Build configuration list for PBXProject "YJCocoa" */;
			compatibilityVersion = "Xcode 3.2";
			developmentRegion = English;
			hasScannedForEncodings = 0;
			knownRegions = (
				en,
				Base,
			);
			mainGroup = 8473AB6F1CE969DB000E3580;
			productRefGroup = 8473AB791CE969DB000E3580 /* Products */;
			projectDirPath = "";
			projectRoot = "";
			targets = (
				8473AB771CE969DB000E3580 /* YJCocoa */,
			);
		};
/* End PBXProject section */

/* Begin PBXResourcesBuildPhase section */
		8473AB761CE969DB000E3580 /* Resources */ = {
			isa = PBXResourcesBuildPhase;
			buildActionMask = 2147483647;
			files = (
				846C27BC1CF5BB66002DACDA /* docset-installed.sh in Resources */,
				841725EC1DACBC1C006022A9 /* YJUIImagePageViewController.xib in Resources */,
				8473AB8B1CE969DB000E3580 /* LaunchScreen.storyboard in Resources */,
				8473AB881CE969DB000E3580 /* Assets.xcassets in Resources */,
				8473AB861CE969DB000E3580 /* Main.storyboard in Resources */,
				8473AC181CE96DEC000E3580 /* YJCocoa.podspec in Resources */,
			);
			runOnlyForDeploymentPostprocessing = 0;
		};
/* End PBXResourcesBuildPhase section */

/* Begin PBXSourcesBuildPhase section */
		8473AB741CE969DB000E3580 /* Sources */ = {
			isa = PBXSourcesBuildPhase;
			buildActionMask = 2147483647;
			files = (
				841725E21DACBC1C006022A9 /* YJUICollectionCellObject.m in Sources */,
				84D356321DAB722B0097D526 /* YJNSHttpAssembly.m in Sources */,
				841725DD1DACBC1C006022A9 /* YJUILayoutSupport.m in Sources */,
				84D356341DAB722B0097D526 /* YJNSFoundationOther.m in Sources */,
				84D356301DAB722B0097D526 /* YJNSDictionaryModelProperty.m in Sources */,
				84D356381DAB722B0097D526 /* YJNSTimer.m in Sources */,
				84D355441DAB59390097D526 /* YJSecKeychainGPItem.m in Sources */,
				841725F41DACBC1C006022A9 /* YJUITableCellObject.m in Sources */,
				84D355451DAB59390097D526 /* YJSecKeychainItem.m in Sources */,
				84D356331DAB722B0097D526 /* YJNSLog.m in Sources */,
				84D355471DAB59390097D526 /* YJSecRandom.m in Sources */,
				841725EA1DACBC1C006022A9 /* YJUIImagePageModel.m in Sources */,
				841725D71DACBC1C006022A9 /* NSLayoutConstraint+YJAutoLayout.m in Sources */,
				841725F51DACBC1C006022A9 /* UIView+YJUIViewGeometry.m in Sources */,
				841725D81DACBC1C006022A9 /* YJNSLayoutConstraintAnimate.m in Sources */,
				841725DF1DACBC1C006022A9 /* UIViewController+YJUILayoutSupport.m in Sources */,
				841725E51DACBC1C006022A9 /* UITextField+YJInputLength.m in Sources */,
				841725D91DACBC1C006022A9 /* YJNSLayoutAnchor.m in Sources */,
				841725F01DACBC1C006022A9 /* YJUITableViewDataSource.m in Sources */,
				841725E11DACBC1C006022A9 /* YJUICollectionViewCell.m in Sources */,
				841725F31DACBC1C006022A9 /* YJUITableViewCell.m in Sources */,
				84D355461DAB59390097D526 /* YJSecKeychain.m in Sources */,
				8473AB831CE969DB000E3580 /* ViewController.m in Sources */,
				841725EF1DACBC1C006022A9 /* YJUIPageViewObject.m in Sources */,
				841725DB1DACBC1C006022A9 /* YJNSLayoutXAxisAnchor.m in Sources */,
				841725E61DACBC1C006022A9 /* UITextView+YJInputLength.m in Sources */,
				84D356351DAB722B0097D526 /* NSObject+YJNSPerformSelector.m in Sources */,
				841725E91DACBC1C006022A9 /* YJUINavigationBar.m in Sources */,
				84D3562E1DAB722B0097D526 /* NSObject+YJNSDictionaryModel.m in Sources */,
				841725F11DACBC1C006022A9 /* YJUITableViewDelegate.m in Sources */,
				8473AB801CE969DB000E3580 /* AppDelegate.m in Sources */,
				841725E41DACBC1C006022A9 /* YJUICollectionViewDelegate.m in Sources */,
				8473AB7D1CE969DB000E3580 /* main.m in Sources */,
				84D356371DAB722B0097D526 /* YJNSSingletonMCenter.m in Sources */,
				84D355201DAB432F0097D526 /* YJDispatch.m in Sources */,
				841725DE1DACBC1C006022A9 /* UIView+YJUIViewLayoutConstraintCreation.m in Sources */,
				841725E71DACBC1C006022A9 /* YJUIBarButtonItem.m in Sources */,
				841725EB1DACBC1C006022A9 /* YJUIImagePageViewController.m in Sources */,
				84D356311DAB722B0097D526 /* YJNSHttpAnalysis.m in Sources */,
				841725E31DACBC1C006022A9 /* YJUICollectionViewDataSource.m in Sources */,
				84D356361DAB722B0097D526 /* YJNSPerformSelector.m in Sources */,
				841725F21DACBC1C006022A9 /* YJUISuspensionCellView.m in Sources */,
				841725E81DACBC1C006022A9 /* YJUIBarButtonView.m in Sources */,
				841725EE1DACBC1C006022A9 /* YJUIPageViewController.m in Sources */,
				841725DA1DACBC1C006022A9 /* YJNSLayoutDimension.m in Sources */,
				841725E01DACBC1C006022A9 /* YJUICollectionReusableView.m in Sources */,
				84D3562F1DAB722B0097D526 /* YJNSDictionaryModelManager.m in Sources */,
				841725ED1DACBC1C006022A9 /* YJUIPageView.m in Sources */,
				841725DC1DACBC1C006022A9 /* YJNSLayoutYAxisAnchor.m in Sources */,
			);
			runOnlyForDeploymentPostprocessing = 0;
		};
/* End PBXSourcesBuildPhase section */

/* Begin PBXVariantGroup section */
		8473AB841CE969DB000E3580 /* Main.storyboard */ = {
			isa = PBXVariantGroup;
			children = (
				8473AB851CE969DB000E3580 /* Base */,
			);
			name = Main.storyboard;
			sourceTree = "<group>";
		};
		8473AB891CE969DB000E3580 /* LaunchScreen.storyboard */ = {
			isa = PBXVariantGroup;
			children = (
				8473AB8A1CE969DB000E3580 /* Base */,
			);
			name = LaunchScreen.storyboard;
			sourceTree = "<group>";
		};
/* End PBXVariantGroup section */

/* Begin XCBuildConfiguration section */
		8473AB8D1CE969DB000E3580 /* Debug */ = {
			isa = XCBuildConfiguration;
			buildSettings = {
				ALWAYS_SEARCH_USER_PATHS = NO;
				CLANG_ANALYZER_NONNULL = YES;
				CLANG_CXX_LANGUAGE_STANDARD = "gnu++0x";
				CLANG_CXX_LIBRARY = "libc++";
				CLANG_ENABLE_MODULES = YES;
				CLANG_ENABLE_OBJC_ARC = YES;
				CLANG_WARN_BOOL_CONVERSION = YES;
				CLANG_WARN_CONSTANT_CONVERSION = YES;
				CLANG_WARN_DIRECT_OBJC_ISA_USAGE = YES_ERROR;
				CLANG_WARN_EMPTY_BODY = YES;
				CLANG_WARN_ENUM_CONVERSION = YES;
				CLANG_WARN_INT_CONVERSION = YES;
				CLANG_WARN_OBJC_ROOT_CLASS = YES_ERROR;
				CLANG_WARN_UNREACHABLE_CODE = YES;
				CLANG_WARN__DUPLICATE_METHOD_MATCH = YES;
				"CODE_SIGN_IDENTITY[sdk=iphoneos*]" = "iPhone Developer";
				COPY_PHASE_STRIP = NO;
				DEBUG_INFORMATION_FORMAT = dwarf;
				ENABLE_STRICT_OBJC_MSGSEND = YES;
				ENABLE_TESTABILITY = YES;
				GCC_C_LANGUAGE_STANDARD = gnu99;
				GCC_DYNAMIC_NO_PIC = NO;
				GCC_NO_COMMON_BLOCKS = YES;
				GCC_OPTIMIZATION_LEVEL = 0;
				GCC_PREPROCESSOR_DEFINITIONS = (
					"DEBUG=1",
					"$(inherited)",
				);
				GCC_WARN_64_TO_32_BIT_CONVERSION = YES;
				GCC_WARN_ABOUT_RETURN_TYPE = YES_ERROR;
				GCC_WARN_UNDECLARED_SELECTOR = YES;
				GCC_WARN_UNINITIALIZED_AUTOS = YES_AGGRESSIVE;
				GCC_WARN_UNUSED_FUNCTION = YES;
				GCC_WARN_UNUSED_VARIABLE = YES;
				IPHONEOS_DEPLOYMENT_TARGET = 9.3;
				MTL_ENABLE_DEBUG_INFO = YES;
				ONLY_ACTIVE_ARCH = YES;
				SDKROOT = iphoneos;
				TARGETED_DEVICE_FAMILY = "1,2";
			};
			name = Debug;
		};
		8473AB8E1CE969DB000E3580 /* Release */ = {
			isa = XCBuildConfiguration;
			buildSettings = {
				ALWAYS_SEARCH_USER_PATHS = NO;
				CLANG_ANALYZER_NONNULL = YES;
				CLANG_CXX_LANGUAGE_STANDARD = "gnu++0x";
				CLANG_CXX_LIBRARY = "libc++";
				CLANG_ENABLE_MODULES = YES;
				CLANG_ENABLE_OBJC_ARC = YES;
				CLANG_WARN_BOOL_CONVERSION = YES;
				CLANG_WARN_CONSTANT_CONVERSION = YES;
				CLANG_WARN_DIRECT_OBJC_ISA_USAGE = YES_ERROR;
				CLANG_WARN_EMPTY_BODY = YES;
				CLANG_WARN_ENUM_CONVERSION = YES;
				CLANG_WARN_INT_CONVERSION = YES;
				CLANG_WARN_OBJC_ROOT_CLASS = YES_ERROR;
				CLANG_WARN_UNREACHABLE_CODE = YES;
				CLANG_WARN__DUPLICATE_METHOD_MATCH = YES;
				"CODE_SIGN_IDENTITY[sdk=iphoneos*]" = "iPhone Developer";
				COPY_PHASE_STRIP = NO;
				DEBUG_INFORMATION_FORMAT = "dwarf-with-dsym";
				ENABLE_NS_ASSERTIONS = NO;
				ENABLE_STRICT_OBJC_MSGSEND = YES;
				GCC_C_LANGUAGE_STANDARD = gnu99;
				GCC_NO_COMMON_BLOCKS = YES;
				GCC_WARN_64_TO_32_BIT_CONVERSION = YES;
				GCC_WARN_ABOUT_RETURN_TYPE = YES_ERROR;
				GCC_WARN_UNDECLARED_SELECTOR = YES;
				GCC_WARN_UNINITIALIZED_AUTOS = YES_AGGRESSIVE;
				GCC_WARN_UNUSED_FUNCTION = YES;
				GCC_WARN_UNUSED_VARIABLE = YES;
				IPHONEOS_DEPLOYMENT_TARGET = 9.3;
				MTL_ENABLE_DEBUG_INFO = NO;
				SDKROOT = iphoneos;
				TARGETED_DEVICE_FAMILY = "1,2";
				VALIDATE_PRODUCT = YES;
			};
			name = Release;
		};
		8473AB901CE969DB000E3580 /* Debug */ = {
			isa = XCBuildConfiguration;
			buildSettings = {
				ASSETCATALOG_COMPILER_APPICON_NAME = AppIcon;
				INFOPLIST_FILE = YJCocoa/Info.plist;
				LD_RUNPATH_SEARCH_PATHS = "$(inherited) @executable_path/Frameworks";
				PRODUCT_BUNDLE_IDENTIFIER = com.YJ.YJCocoa;
				PRODUCT_NAME = "$(TARGET_NAME)";
			};
			name = Debug;
		};
		8473AB911CE969DB000E3580 /* Release */ = {
			isa = XCBuildConfiguration;
			buildSettings = {
				ASSETCATALOG_COMPILER_APPICON_NAME = AppIcon;
				INFOPLIST_FILE = YJCocoa/Info.plist;
				LD_RUNPATH_SEARCH_PATHS = "$(inherited) @executable_path/Frameworks";
				PRODUCT_BUNDLE_IDENTIFIER = com.YJ.YJCocoa;
				PRODUCT_NAME = "$(TARGET_NAME)";
			};
			name = Release;
		};
/* End XCBuildConfiguration section */

/* Begin XCConfigurationList section */
		8473AB731CE969DB000E3580 /* Build configuration list for PBXProject "YJCocoa" */ = {
			isa = XCConfigurationList;
			buildConfigurations = (
				8473AB8D1CE969DB000E3580 /* Debug */,
				8473AB8E1CE969DB000E3580 /* Release */,
			);
			defaultConfigurationIsVisible = 0;
			defaultConfigurationName = Release;
		};
		8473AB8F1CE969DB000E3580 /* Build configuration list for PBXNativeTarget "YJCocoa" */ = {
			isa = XCConfigurationList;
			buildConfigurations = (
				8473AB901CE969DB000E3580 /* Debug */,
				8473AB911CE969DB000E3580 /* Release */,
			);
			defaultConfigurationIsVisible = 0;
			defaultConfigurationName = Release;
		};
/* End XCConfigurationList section */
	};
	rootObject = 8473AB701CE969DB000E3580 /* Project object */;
}
