// !$*UTF8*$!
{
	archiveVersion = 1;
	classes = {
	};
	objectVersion = 46;
	objects = {

/* Begin PBXBuildFile section */
		32B7708714EE77F83F386259 /* libPods-YJCollectionView.a in Frameworks */ = {isa = PBXBuildFile; fileRef = 211806271E1C82FF12165BB3 /* libPods-YJCollectionView.a */; };
		841DF9DD1DFFD85300A76B37 /* YJTest2CollectionViewCell.m in Sources */ = {isa = PBXBuildFile; fileRef = 841DF9D71DFFD85300A76B37 /* YJTest2CollectionViewCell.m */; };
		841DF9DE1DFFD85300A76B37 /* YJTestCollectionReusableView.m in Sources */ = {isa = PBXBuildFile; fileRef = 841DF9D91DFFD85300A76B37 /* YJTestCollectionReusableView.m */; };
		841DF9DF1DFFD85300A76B37 /* YJTestCollectionViewCell.m in Sources */ = {isa = PBXBuildFile; fileRef = 841DF9DB1DFFD85300A76B37 /* YJTestCollectionViewCell.m */; };
		841DF9E01DFFD85300A76B37 /* YJTestCollectionViewCell.xib in Resources */ = {isa = PBXBuildFile; fileRef = 841DF9DC1DFFD85300A76B37 /* YJTestCollectionViewCell.xib */; };
		841DF9E31DFFD86800A76B37 /* YJTestCollectionCellModel.m in Sources */ = {isa = PBXBuildFile; fileRef = 841DF9E21DFFD86800A76B37 /* YJTestCollectionCellModel.m */; };
		8473AC451CE9A527000E3580 /* main.m in Sources */ = {isa = PBXBuildFile; fileRef = 8473AC441CE9A527000E3580 /* main.m */; };
		8473AC481CE9A527000E3580 /* AppDelegate.m in Sources */ = {isa = PBXBuildFile; fileRef = 8473AC471CE9A527000E3580 /* AppDelegate.m */; };
		8473AC4B1CE9A527000E3580 /* ViewController.m in Sources */ = {isa = PBXBuildFile; fileRef = 8473AC4A1CE9A527000E3580 /* ViewController.m */; };
		8473AC4E1CE9A527000E3580 /* Main.storyboard in Resources */ = {isa = PBXBuildFile; fileRef = 8473AC4C1CE9A527000E3580 /* Main.storyboard */; };
		8473AC501CE9A527000E3580 /* Assets.xcassets in Resources */ = {isa = PBXBuildFile; fileRef = 8473AC4F1CE9A527000E3580 /* Assets.xcassets */; };
		8473AC531CE9A527000E3580 /* LaunchScreen.storyboard in Resources */ = {isa = PBXBuildFile; fileRef = 8473AC511CE9A527000E3580 /* LaunchScreen.storyboard */; };
		84CEC1651DB5BD59004CDF2B /* YJUICollectionReusableView.m in Sources */ = {isa = PBXBuildFile; fileRef = 84CEC15F1DB5BD59004CDF2B /* YJUICollectionReusableView.m */; };
		84CEC1661DB5BD59004CDF2B /* YJUICollectionViewCell.m in Sources */ = {isa = PBXBuildFile; fileRef = 84CEC1611DB5BD59004CDF2B /* YJUICollectionViewCell.m */; };
		84CEC1671DB5BD59004CDF2B /* YJUICollectionCellObject.m in Sources */ = {isa = PBXBuildFile; fileRef = 84CEC1641DB5BD59004CDF2B /* YJUICollectionCellObject.m */; };
		84CEC16B1DB5BDB0004CDF2B /* YJUICollectionViewDelegateManager.m in Sources */ = {isa = PBXBuildFile; fileRef = 84CEC16A1DB5BDB0004CDF2B /* YJUICollectionViewDelegateManager.m */; };
		84CEC16E1DB5BDEB004CDF2B /* YJUICollectionViewDataSourceManager.m in Sources */ = {isa = PBXBuildFile; fileRef = 84CEC16D1DB5BDEB004CDF2B /* YJUICollectionViewDataSourceManager.m */; };
		84CEC1711DB5BDF7004CDF2B /* YJUICollectionViewManager.m in Sources */ = {isa = PBXBuildFile; fileRef = 84CEC1701DB5BDF7004CDF2B /* YJUICollectionViewManager.m */; };
		84CEC1741DB5BEFC004CDF2B /* YJUICollectionViewDelegateFlowLayoutManager.m in Sources */ = {isa = PBXBuildFile; fileRef = 84CEC1731DB5BEFC004CDF2B /* YJUICollectionViewDelegateFlowLayoutManager.m */; };
/* End PBXBuildFile section */

/* Begin PBXFileReference section */
		210717020C687A6AD7337121 /* Pods-YJCollectionView.release.xcconfig */ = {isa = PBXFileReference; includeInIndex = 1; lastKnownFileType = text.xcconfig; name = "Pods-YJCollectionView.release.xcconfig"; path = "Pods/Target Support Files/Pods-YJCollectionView/Pods-YJCollectionView.release.xcconfig"; sourceTree = "<group>"; };
		211806271E1C82FF12165BB3 /* libPods-YJCollectionView.a */ = {isa = PBXFileReference; explicitFileType = archive.ar; includeInIndex = 0; path = "libPods-YJCollectionView.a"; sourceTree = BUILT_PRODUCTS_DIR; };
		65D606EE9F26AE678D09EBF2 /* Pods-YJCollectionView.debug.xcconfig */ = {isa = PBXFileReference; includeInIndex = 1; lastKnownFileType = text.xcconfig; name = "Pods-YJCollectionView.debug.xcconfig"; path = "Pods/Target Support Files/Pods-YJCollectionView/Pods-YJCollectionView.debug.xcconfig"; sourceTree = "<group>"; };
		841DF9D61DFFD85300A76B37 /* YJTest2CollectionViewCell.h */ = {isa = PBXFileReference; fileEncoding = 4; lastKnownFileType = sourcecode.c.h; path = YJTest2CollectionViewCell.h; sourceTree = "<group>"; };
		841DF9D71DFFD85300A76B37 /* YJTest2CollectionViewCell.m */ = {isa = PBXFileReference; fileEncoding = 4; lastKnownFileType = sourcecode.c.objc; path = YJTest2CollectionViewCell.m; sourceTree = "<group>"; };
		841DF9D81DFFD85300A76B37 /* YJTestCollectionReusableView.h */ = {isa = PBXFileReference; fileEncoding = 4; lastKnownFileType = sourcecode.c.h; path = YJTestCollectionReusableView.h; sourceTree = "<group>"; };
		841DF9D91DFFD85300A76B37 /* YJTestCollectionReusableView.m */ = {isa = PBXFileReference; fileEncoding = 4; lastKnownFileType = sourcecode.c.objc; path = YJTestCollectionReusableView.m; sourceTree = "<group>"; };
		841DF9DA1DFFD85300A76B37 /* YJTestCollectionViewCell.h */ = {isa = PBXFileReference; fileEncoding = 4; lastKnownFileType = sourcecode.c.h; path = YJTestCollectionViewCell.h; sourceTree = "<group>"; };
		841DF9DB1DFFD85300A76B37 /* YJTestCollectionViewCell.m */ = {isa = PBXFileReference; fileEncoding = 4; lastKnownFileType = sourcecode.c.objc; path = YJTestCollectionViewCell.m; sourceTree = "<group>"; };
		841DF9DC1DFFD85300A76B37 /* YJTestCollectionViewCell.xib */ = {isa = PBXFileReference; fileEncoding = 4; lastKnownFileType = file.xib; path = YJTestCollectionViewCell.xib; sourceTree = "<group>"; };
		841DF9E11DFFD86800A76B37 /* YJTestCollectionCellModel.h */ = {isa = PBXFileReference; fileEncoding = 4; lastKnownFileType = sourcecode.c.h; path = YJTestCollectionCellModel.h; sourceTree = "<group>"; };
		841DF9E21DFFD86800A76B37 /* YJTestCollectionCellModel.m */ = {isa = PBXFileReference; fileEncoding = 4; lastKnownFileType = sourcecode.c.objc; path = YJTestCollectionCellModel.m; sourceTree = "<group>"; };
		8473AC401CE9A527000E3580 /* YJCollectionView.app */ = {isa = PBXFileReference; explicitFileType = wrapper.application; includeInIndex = 0; path = YJCollectionView.app; sourceTree = BUILT_PRODUCTS_DIR; };
		8473AC441CE9A527000E3580 /* main.m */ = {isa = PBXFileReference; lastKnownFileType = sourcecode.c.objc; path = main.m; sourceTree = "<group>"; };
		8473AC461CE9A527000E3580 /* AppDelegate.h */ = {isa = PBXFileReference; lastKnownFileType = sourcecode.c.h; path = AppDelegate.h; sourceTree = "<group>"; };
		8473AC471CE9A527000E3580 /* AppDelegate.m */ = {isa = PBXFileReference; lastKnownFileType = sourcecode.c.objc; path = AppDelegate.m; sourceTree = "<group>"; };
		8473AC491CE9A527000E3580 /* ViewController.h */ = {isa = PBXFileReference; lastKnownFileType = sourcecode.c.h; path = ViewController.h; sourceTree = "<group>"; };
		8473AC4A1CE9A527000E3580 /* ViewController.m */ = {isa = PBXFileReference; lastKnownFileType = sourcecode.c.objc; path = ViewController.m; sourceTree = "<group>"; };
		8473AC4D1CE9A527000E3580 /* Base */ = {isa = PBXFileReference; lastKnownFileType = file.storyboard; name = Base; path = Base.lproj/Main.storyboard; sourceTree = "<group>"; };
		8473AC4F1CE9A527000E3580 /* Assets.xcassets */ = {isa = PBXFileReference; lastKnownFileType = folder.assetcatalog; path = Assets.xcassets; sourceTree = "<group>"; };
		8473AC521CE9A527000E3580 /* Base */ = {isa = PBXFileReference; lastKnownFileType = file.storyboard; name = Base; path = Base.lproj/LaunchScreen.storyboard; sourceTree = "<group>"; };
		8473AC541CE9A527000E3580 /* Info.plist */ = {isa = PBXFileReference; lastKnownFileType = text.plist.xml; path = Info.plist; sourceTree = "<group>"; };
		84CEC15E1DB5BD59004CDF2B /* YJUICollectionReusableView.h */ = {isa = PBXFileReference; fileEncoding = 4; lastKnownFileType = sourcecode.c.h; path = YJUICollectionReusableView.h; sourceTree = "<group>"; };
		84CEC15F1DB5BD59004CDF2B /* YJUICollectionReusableView.m */ = {isa = PBXFileReference; fileEncoding = 4; lastKnownFileType = sourcecode.c.objc; path = YJUICollectionReusableView.m; sourceTree = "<group>"; };
		84CEC1601DB5BD59004CDF2B /* YJUICollectionViewCell.h */ = {isa = PBXFileReference; fileEncoding = 4; lastKnownFileType = sourcecode.c.h; path = YJUICollectionViewCell.h; sourceTree = "<group>"; };
		84CEC1611DB5BD59004CDF2B /* YJUICollectionViewCell.m */ = {isa = PBXFileReference; fileEncoding = 4; lastKnownFileType = sourcecode.c.objc; path = YJUICollectionViewCell.m; sourceTree = "<group>"; };
		84CEC1631DB5BD59004CDF2B /* YJUICollectionCellObject.h */ = {isa = PBXFileReference; fileEncoding = 4; lastKnownFileType = sourcecode.c.h; path = YJUICollectionCellObject.h; sourceTree = "<group>"; };
		84CEC1641DB5BD59004CDF2B /* YJUICollectionCellObject.m */ = {isa = PBXFileReference; fileEncoding = 4; lastKnownFileType = sourcecode.c.objc; path = YJUICollectionCellObject.m; sourceTree = "<group>"; };
		84CEC1691DB5BDB0004CDF2B /* YJUICollectionViewDelegateManager.h */ = {isa = PBXFileReference; fileEncoding = 4; lastKnownFileType = sourcecode.c.h; path = YJUICollectionViewDelegateManager.h; sourceTree = "<group>"; };
		84CEC16A1DB5BDB0004CDF2B /* YJUICollectionViewDelegateManager.m */ = {isa = PBXFileReference; fileEncoding = 4; lastKnownFileType = sourcecode.c.objc; path = YJUICollectionViewDelegateManager.m; sourceTree = "<group>"; };
		84CEC16C1DB5BDEB004CDF2B /* YJUICollectionViewDataSourceManager.h */ = {isa = PBXFileReference; fileEncoding = 4; lastKnownFileType = sourcecode.c.h; path = YJUICollectionViewDataSourceManager.h; sourceTree = "<group>"; };
		84CEC16D1DB5BDEB004CDF2B /* YJUICollectionViewDataSourceManager.m */ = {isa = PBXFileReference; fileEncoding = 4; lastKnownFileType = sourcecode.c.objc; path = YJUICollectionViewDataSourceManager.m; sourceTree = "<group>"; };
		84CEC16F1DB5BDF7004CDF2B /* YJUICollectionViewManager.h */ = {isa = PBXFileReference; fileEncoding = 4; lastKnownFileType = sourcecode.c.h; path = YJUICollectionViewManager.h; sourceTree = "<group>"; };
		84CEC1701DB5BDF7004CDF2B /* YJUICollectionViewManager.m */ = {isa = PBXFileReference; fileEncoding = 4; lastKnownFileType = sourcecode.c.objc; path = YJUICollectionViewManager.m; sourceTree = "<group>"; };
		84CEC1721DB5BEFC004CDF2B /* YJUICollectionViewDelegateFlowLayoutManager.h */ = {isa = PBXFileReference; fileEncoding = 4; lastKnownFileType = sourcecode.c.h; path = YJUICollectionViewDelegateFlowLayoutManager.h; sourceTree = "<group>"; };
		84CEC1731DB5BEFC004CDF2B /* YJUICollectionViewDelegateFlowLayoutManager.m */ = {isa = PBXFileReference; fileEncoding = 4; lastKnownFileType = sourcecode.c.objc; path = YJUICollectionViewDelegateFlowLayoutManager.m; sourceTree = "<group>"; };
/* End PBXFileReference section */

/* Begin PBXFrameworksBuildPhase section */
		8473AC3D1CE9A527000E3580 /* Frameworks */ = {
			isa = PBXFrameworksBuildPhase;
			buildActionMask = 2147483647;
			files = (
				32B7708714EE77F83F386259 /* libPods-YJCollectionView.a in Frameworks */,
			);
			runOnlyForDeploymentPostprocessing = 0;
		};
/* End PBXFrameworksBuildPhase section */

/* Begin PBXGroup section */
		840A57DD1CF08567006779C0 /* Main */ = {
			isa = PBXGroup;
			children = (
				841DF9D41DFFD85300A76B37 /* Cell */,
				8473AC491CE9A527000E3580 /* ViewController.h */,
				8473AC4A1CE9A527000E3580 /* ViewController.m */,
			);
			name = Main;
			sourceTree = "<group>";
		};
		841DF9D41DFFD85300A76B37 /* Cell */ = {
			isa = PBXGroup;
			children = (
				841DF9D51DFFD85300A76B37 /* Model */,
				841DF9D61DFFD85300A76B37 /* YJTest2CollectionViewCell.h */,
				841DF9D71DFFD85300A76B37 /* YJTest2CollectionViewCell.m */,
				841DF9D81DFFD85300A76B37 /* YJTestCollectionReusableView.h */,
				841DF9D91DFFD85300A76B37 /* YJTestCollectionReusableView.m */,
				841DF9DA1DFFD85300A76B37 /* YJTestCollectionViewCell.h */,
				841DF9DB1DFFD85300A76B37 /* YJTestCollectionViewCell.m */,
				841DF9DC1DFFD85300A76B37 /* YJTestCollectionViewCell.xib */,
			);
			path = Cell;
			sourceTree = "<group>";
		};
		841DF9D51DFFD85300A76B37 /* Model */ = {
			isa = PBXGroup;
			children = (
				841DF9E11DFFD86800A76B37 /* YJTestCollectionCellModel.h */,
				841DF9E21DFFD86800A76B37 /* YJTestCollectionCellModel.m */,
			);
			path = Model;
			sourceTree = "<group>";
		};
		8473AC371CE9A527000E3580 = {
			isa = PBXGroup;
			children = (
				8473AC421CE9A527000E3580 /* YJCollectionView */,
				8473AC411CE9A527000E3580 /* Products */,
				E07D07D6307E65AD8BC618A3 /* Pods */,
				C00C5718D2E4FE97FEDB10C9 /* Frameworks */,
			);
			sourceTree = "<group>";
		};
		8473AC411CE9A527000E3580 /* Products */ = {
			isa = PBXGroup;
			children = (
				8473AC401CE9A527000E3580 /* YJCollectionView.app */,
			);
			name = Products;
			sourceTree = "<group>";
		};
		8473AC421CE9A527000E3580 /* YJCollectionView */ = {
			isa = PBXGroup;
			children = (
				8473AC461CE9A527000E3580 /* AppDelegate.h */,
				8473AC471CE9A527000E3580 /* AppDelegate.m */,
				84CEC15C1DB5BD59004CDF2B /* CollectionViewManager */,
				840A57DD1CF08567006779C0 /* Main */,
				8473AC5B1CE9A547000E3580 /* Resources */,
				8473AC431CE9A527000E3580 /* Supporting Files */,
			);
			path = YJCollectionView;
			sourceTree = "<group>";
		};
		8473AC431CE9A527000E3580 /* Supporting Files */ = {
			isa = PBXGroup;
			children = (
				8473AC541CE9A527000E3580 /* Info.plist */,
				8473AC441CE9A527000E3580 /* main.m */,
			);
			name = "Supporting Files";
			sourceTree = "<group>";
		};
		8473AC5B1CE9A547000E3580 /* Resources */ = {
			isa = PBXGroup;
			children = (
				8473AC4C1CE9A527000E3580 /* Main.storyboard */,
				8473AC4F1CE9A527000E3580 /* Assets.xcassets */,
				8473AC511CE9A527000E3580 /* LaunchScreen.storyboard */,
			);
			name = Resources;
			sourceTree = "<group>";
		};
		84CEC15C1DB5BD59004CDF2B /* CollectionViewManager */ = {
			isa = PBXGroup;
			children = (
				84CEC1681DB5BD7D004CDF2B /* Core */,
				84CEC15D1DB5BD59004CDF2B /* CollectionCell */,
				84CEC1621DB5BD59004CDF2B /* CollectionCellObject */,
			);
			name = CollectionViewManager;
			path = ../../../../../Cocoa/AppFrameworks/UIKit/CollectionViewManager;
			sourceTree = "<group>";
		};
		84CEC15D1DB5BD59004CDF2B /* CollectionCell */ = {
			isa = PBXGroup;
			children = (
				84CEC15E1DB5BD59004CDF2B /* YJUICollectionReusableView.h */,
				84CEC15F1DB5BD59004CDF2B /* YJUICollectionReusableView.m */,
				84CEC1601DB5BD59004CDF2B /* YJUICollectionViewCell.h */,
				84CEC1611DB5BD59004CDF2B /* YJUICollectionViewCell.m */,
			);
			path = CollectionCell;
			sourceTree = "<group>";
		};
		84CEC1621DB5BD59004CDF2B /* CollectionCellObject */ = {
			isa = PBXGroup;
			children = (
				84CEC1631DB5BD59004CDF2B /* YJUICollectionCellObject.h */,
				84CEC1641DB5BD59004CDF2B /* YJUICollectionCellObject.m */,
			);
			path = CollectionCellObject;
			sourceTree = "<group>";
		};
		84CEC1681DB5BD7D004CDF2B /* Core */ = {
			isa = PBXGroup;
			children = (
				84CEC16C1DB5BDEB004CDF2B /* YJUICollectionViewDataSourceManager.h */,
				84CEC16D1DB5BDEB004CDF2B /* YJUICollectionViewDataSourceManager.m */,
				84CEC1721DB5BEFC004CDF2B /* YJUICollectionViewDelegateFlowLayoutManager.h */,
				84CEC1731DB5BEFC004CDF2B /* YJUICollectionViewDelegateFlowLayoutManager.m */,
				84CEC1691DB5BDB0004CDF2B /* YJUICollectionViewDelegateManager.h */,
				84CEC16A1DB5BDB0004CDF2B /* YJUICollectionViewDelegateManager.m */,
				84CEC16F1DB5BDF7004CDF2B /* YJUICollectionViewManager.h */,
				84CEC1701DB5BDF7004CDF2B /* YJUICollectionViewManager.m */,
			);
			path = Core;
			sourceTree = "<group>";
		};
		C00C5718D2E4FE97FEDB10C9 /* Frameworks */ = {
			isa = PBXGroup;
			children = (
				211806271E1C82FF12165BB3 /* libPods-YJCollectionView.a */,
			);
			name = Frameworks;
			sourceTree = "<group>";
		};
		E07D07D6307E65AD8BC618A3 /* Pods */ = {
			isa = PBXGroup;
			children = (
				65D606EE9F26AE678D09EBF2 /* Pods-YJCollectionView.debug.xcconfig */,
				210717020C687A6AD7337121 /* Pods-YJCollectionView.release.xcconfig */,
			);
			name = Pods;
			sourceTree = "<group>";
		};
/* End PBXGroup section */

/* Begin PBXNativeTarget section */
		8473AC3F1CE9A527000E3580 /* YJCollectionView */ = {
			isa = PBXNativeTarget;
			buildConfigurationList = 8473AC571CE9A527000E3580 /* Build configuration list for PBXNativeTarget "YJCollectionView" */;
			buildPhases = (
				309FFF42574CE1D9EA600E79 /* [CP] Check Pods Manifest.lock */,
				8473AC3C1CE9A527000E3580 /* Sources */,
				8473AC3D1CE9A527000E3580 /* Frameworks */,
				8473AC3E1CE9A527000E3580 /* Resources */,
				700543D8BD1136ACBE94A7B4 /* [CP] Embed Pods Frameworks */,
				4F40E4D6579B3A3134BA4CF9 /* [CP] Copy Pods Resources */,
			);
			buildRules = (
			);
			dependencies = (
			);
			name = YJCollectionView;
			productName = YJCollectionView;
			productReference = 8473AC401CE9A527000E3580 /* YJCollectionView.app */;
			productType = "com.apple.product-type.application";
		};
/* End PBXNativeTarget section */

/* Begin PBXProject section */
		8473AC381CE9A527000E3580 /* Project object */ = {
			isa = PBXProject;
			attributes = {
				CLASSPREFIX = YJ;
				LastUpgradeCheck = 0820;
				ORGANIZATIONNAME = YJ;
				TargetAttributes = {
					8473AC3F1CE9A527000E3580 = {
						CreatedOnToolsVersion = 7.3.1;
						DevelopmentTeam = PC936H3Q67;
					};
				};
			};
			buildConfigurationList = 8473AC3B1CE9A527000E3580 /* Build configuration list for PBXProject "YJCollectionView" */;
			compatibilityVersion = "Xcode 3.2";
			developmentRegion = English;
			hasScannedForEncodings = 0;
			knownRegions = (
				en,
				Base,
			);
			mainGroup = 8473AC371CE9A527000E3580;
			productRefGroup = 8473AC411CE9A527000E3580 /* Products */;
			projectDirPath = "";
			projectRoot = "";
			targets = (
				8473AC3F1CE9A527000E3580 /* YJCollectionView */,
			);
		};
/* End PBXProject section */

/* Begin PBXResourcesBuildPhase section */
		8473AC3E1CE9A527000E3580 /* Resources */ = {
			isa = PBXResourcesBuildPhase;
			buildActionMask = 2147483647;
			files = (
				8473AC531CE9A527000E3580 /* LaunchScreen.storyboard in Resources */,
				8473AC501CE9A527000E3580 /* Assets.xcassets in Resources */,
				8473AC4E1CE9A527000E3580 /* Main.storyboard in Resources */,
				841DF9E01DFFD85300A76B37 /* YJTestCollectionViewCell.xib in Resources */,
			);
			runOnlyForDeploymentPostprocessing = 0;
		};
/* End PBXResourcesBuildPhase section */

/* Begin PBXShellScriptBuildPhase section */
		309FFF42574CE1D9EA600E79 /* [CP] Check Pods Manifest.lock */ = {
			isa = PBXShellScriptBuildPhase;
			buildActionMask = 2147483647;
			files = (
			);
			inputPaths = (
			);
			name = "[CP] Check Pods Manifest.lock";
			outputPaths = (
			);
			runOnlyForDeploymentPostprocessing = 0;
			shellPath = /bin/sh;
			shellScript = "diff \"${PODS_ROOT}/../Podfile.lock\" \"${PODS_ROOT}/Manifest.lock\" > /dev/null\nif [ $? != 0 ] ; then\n    # print error to STDERR\n    echo \"error: The sandbox is not in sync with the Podfile.lock. Run 'pod install' or update your CocoaPods installation.\" >&2\n    exit 1\nfi\n";
			showEnvVarsInLog = 0;
		};
		4F40E4D6579B3A3134BA4CF9 /* [CP] Copy Pods Resources */ = {
			isa = PBXShellScriptBuildPhase;
			buildActionMask = 2147483647;
			files = (
			);
			inputPaths = (
			);
			name = "[CP] Copy Pods Resources";
			outputPaths = (
			);
			runOnlyForDeploymentPostprocessing = 0;
			shellPath = /bin/sh;
			shellScript = "\"${SRCROOT}/Pods/Target Support Files/Pods-YJCollectionView/Pods-YJCollectionView-resources.sh\"\n";
			showEnvVarsInLog = 0;
		};
		700543D8BD1136ACBE94A7B4 /* [CP] Embed Pods Frameworks */ = {
			isa = PBXShellScriptBuildPhase;
			buildActionMask = 2147483647;
			files = (
			);
			inputPaths = (
			);
			name = "[CP] Embed Pods Frameworks";
			outputPaths = (
			);
			runOnlyForDeploymentPostprocessing = 0;
			shellPath = /bin/sh;
			shellScript = "\"${SRCROOT}/Pods/Target Support Files/Pods-YJCollectionView/Pods-YJCollectionView-frameworks.sh\"\n";
			showEnvVarsInLog = 0;
		};
/* End PBXShellScriptBuildPhase section */

/* Begin PBXSourcesBuildPhase section */
		8473AC3C1CE9A527000E3580 /* Sources */ = {
			isa = PBXSourcesBuildPhase;
			buildActionMask = 2147483647;
			files = (
				8473AC4B1CE9A527000E3580 /* ViewController.m in Sources */,
				84CEC16B1DB5BDB0004CDF2B /* YJUICollectionViewDelegateManager.m in Sources */,
				84CEC1651DB5BD59004CDF2B /* YJUICollectionReusableView.m in Sources */,
				841DF9DD1DFFD85300A76B37 /* YJTest2CollectionViewCell.m in Sources */,
				8473AC481CE9A527000E3580 /* AppDelegate.m in Sources */,
				84CEC16E1DB5BDEB004CDF2B /* YJUICollectionViewDataSourceManager.m in Sources */,
				841DF9E31DFFD86800A76B37 /* YJTestCollectionCellModel.m in Sources */,
				841DF9DE1DFFD85300A76B37 /* YJTestCollectionReusableView.m in Sources */,
				8473AC451CE9A527000E3580 /* main.m in Sources */,
				84CEC1671DB5BD59004CDF2B /* YJUICollectionCellObject.m in Sources */,
				84CEC1661DB5BD59004CDF2B /* YJUICollectionViewCell.m in Sources */,
				841DF9DF1DFFD85300A76B37 /* YJTestCollectionViewCell.m in Sources */,
				84CEC1741DB5BEFC004CDF2B /* YJUICollectionViewDelegateFlowLayoutManager.m in Sources */,
				84CEC1711DB5BDF7004CDF2B /* YJUICollectionViewManager.m in Sources */,
			);
			runOnlyForDeploymentPostprocessing = 0;
		};
/* End PBXSourcesBuildPhase section */

/* Begin PBXVariantGroup section */
		8473AC4C1CE9A527000E3580 /* Main.storyboard */ = {
			isa = PBXVariantGroup;
			children = (
				8473AC4D1CE9A527000E3580 /* Base */,
			);
			name = Main.storyboard;
			sourceTree = "<group>";
		};
		8473AC511CE9A527000E3580 /* LaunchScreen.storyboard */ = {
			isa = PBXVariantGroup;
			children = (
				8473AC521CE9A527000E3580 /* Base */,
			);
			name = LaunchScreen.storyboard;
			sourceTree = "<group>";
		};
/* End PBXVariantGroup section */

/* Begin XCBuildConfiguration section */
		8473AC551CE9A527000E3580 /* Debug */ = {
			isa = XCBuildConfiguration;
			buildSettings = {
				ALWAYS_SEARCH_USER_PATHS = NO;
				CLANG_ANALYZER_NONNULL = YES;
				CLANG_CXX_LANGUAGE_STANDARD = "gnu++0x";
				CLANG_CXX_LIBRARY = "libc++";
				CLANG_ENABLE_MODULES = YES;
				CLANG_ENABLE_OBJC_ARC = YES;
				CLANG_WARN_BOOL_CONVERSION = YES;
				CLANG_WARN_CONSTANT_CONVERSION = YES;
				CLANG_WARN_DIRECT_OBJC_ISA_USAGE = YES_ERROR;
				CLANG_WARN_EMPTY_BODY = YES;
				CLANG_WARN_ENUM_CONVERSION = YES;
				CLANG_WARN_INFINITE_RECURSION = YES;
				CLANG_WARN_INT_CONVERSION = YES;
				CLANG_WARN_OBJC_ROOT_CLASS = YES_ERROR;
				CLANG_WARN_SUSPICIOUS_MOVE = YES;
				CLANG_WARN_UNREACHABLE_CODE = YES;
				CLANG_WARN__DUPLICATE_METHOD_MATCH = YES;
				"CODE_SIGN_IDENTITY[sdk=iphoneos*]" = "iPhone Developer";
				COPY_PHASE_STRIP = NO;
				DEBUG_INFORMATION_FORMAT = dwarf;
				ENABLE_STRICT_OBJC_MSGSEND = YES;
				ENABLE_TESTABILITY = YES;
				GCC_C_LANGUAGE_STANDARD = gnu99;
				GCC_DYNAMIC_NO_PIC = NO;
				GCC_NO_COMMON_BLOCKS = YES;
				GCC_OPTIMIZATION_LEVEL = 0;
				GCC_PREPROCESSOR_DEFINITIONS = (
					"DEBUG=1",
					"$(inherited)",
				);
				GCC_WARN_64_TO_32_BIT_CONVERSION = YES;
				GCC_WARN_ABOUT_RETURN_TYPE = YES_ERROR;
				GCC_WARN_UNDECLARED_SELECTOR = YES;
				GCC_WARN_UNINITIALIZED_AUTOS = YES_AGGRESSIVE;
				GCC_WARN_UNUSED_FUNCTION = YES;
				GCC_WARN_UNUSED_VARIABLE = YES;
				IPHONEOS_DEPLOYMENT_TARGET = 7.1;
				MTL_ENABLE_DEBUG_INFO = YES;
				ONLY_ACTIVE_ARCH = YES;
				SDKROOT = iphoneos;
				TARGETED_DEVICE_FAMILY = "1,2";
			};
			name = Debug;
		};
		8473AC561CE9A527000E3580 /* Release */ = {
			isa = XCBuildConfiguration;
			buildSettings = {
				ALWAYS_SEARCH_USER_PATHS = NO;
				CLANG_ANALYZER_NONNULL = YES;
				CLANG_CXX_LANGUAGE_STANDARD = "gnu++0x";
				CLANG_CXX_LIBRARY = "libc++";
				CLANG_ENABLE_MODULES = YES;
				CLANG_ENABLE_OBJC_ARC = YES;
				CLANG_WARN_BOOL_CONVERSION = YES;
				CLANG_WARN_CONSTANT_CONVERSION = YES;
				CLANG_WARN_DIRECT_OBJC_ISA_USAGE = YES_ERROR;
				CLANG_WARN_EMPTY_BODY = YES;
				CLANG_WARN_ENUM_CONVERSION = YES;
				CLANG_WARN_INFINITE_RECURSION = YES;
				CLANG_WARN_INT_CONVERSION = YES;
				CLANG_WARN_OBJC_ROOT_CLASS = YES_ERROR;
				CLANG_WARN_SUSPICIOUS_MOVE = YES;
				CLANG_WARN_UNREACHABLE_CODE = YES;
				CLANG_WARN__DUPLICATE_METHOD_MATCH = YES;
				"CODE_SIGN_IDENTITY[sdk=iphoneos*]" = "iPhone Developer";
				COPY_PHASE_STRIP = NO;
				DEBUG_INFORMATION_FORMAT = "dwarf-with-dsym";
				ENABLE_NS_ASSERTIONS = NO;
				ENABLE_STRICT_OBJC_MSGSEND = YES;
				GCC_C_LANGUAGE_STANDARD = gnu99;
				GCC_NO_COMMON_BLOCKS = YES;
				GCC_WARN_64_TO_32_BIT_CONVERSION = YES;
				GCC_WARN_ABOUT_RETURN_TYPE = YES_ERROR;
				GCC_WARN_UNDECLARED_SELECTOR = YES;
				GCC_WARN_UNINITIALIZED_AUTOS = YES_AGGRESSIVE;
				GCC_WARN_UNUSED_FUNCTION = YES;
				GCC_WARN_UNUSED_VARIABLE = YES;
				IPHONEOS_DEPLOYMENT_TARGET = 7.1;
				MTL_ENABLE_DEBUG_INFO = NO;
				SDKROOT = iphoneos;
				TARGETED_DEVICE_FAMILY = "1,2";
				VALIDATE_PRODUCT = YES;
			};
			name = Release;
		};
		8473AC581CE9A527000E3580 /* Debug */ = {
			isa = XCBuildConfiguration;
			baseConfigurationReference = 65D606EE9F26AE678D09EBF2 /* Pods-YJCollectionView.debug.xcconfig */;
			buildSettings = {
				ASSETCATALOG_COMPILER_APPICON_NAME = AppIcon;
				ASSETCATALOG_COMPILER_LAUNCHIMAGE_NAME = LaunchImage;
				CODE_SIGN_IDENTITY = "iPhone Developer";
				DEVELOPMENT_TEAM = PC936H3Q67;
				INFOPLIST_FILE = YJCollectionView/Info.plist;
				IPHONEOS_DEPLOYMENT_TARGET = 7.1;
				LD_RUNPATH_SEARCH_PATHS = "$(inherited) @executable_path/Frameworks";
				PRODUCT_BUNDLE_IDENTIFIER = com.jumei.test;
				PRODUCT_NAME = "$(TARGET_NAME)";
			};
			name = Debug;
		};
		8473AC591CE9A527000E3580 /* Release */ = {
			isa = XCBuildConfiguration;
			baseConfigurationReference = 210717020C687A6AD7337121 /* Pods-YJCollectionView.release.xcconfig */;
			buildSettings = {
				ASSETCATALOG_COMPILER_APPICON_NAME = AppIcon;
				ASSETCATALOG_COMPILER_LAUNCHIMAGE_NAME = LaunchImage;
				CODE_SIGN_IDENTITY = "iPhone Developer";
				DEVELOPMENT_TEAM = PC936H3Q67;
				INFOPLIST_FILE = YJCollectionView/Info.plist;
				IPHONEOS_DEPLOYMENT_TARGET = 7.1;
				LD_RUNPATH_SEARCH_PATHS = "$(inherited) @executable_path/Frameworks";
				PRODUCT_BUNDLE_IDENTIFIER = com.jumei.test;
				PRODUCT_NAME = "$(TARGET_NAME)";
			};
			name = Release;
		};
/* End XCBuildConfiguration section */

/* Begin XCConfigurationList section */
		8473AC3B1CE9A527000E3580 /* Build configuration list for PBXProject "YJCollectionView" */ = {
			isa = XCConfigurationList;
			buildConfigurations = (
				8473AC551CE9A527000E3580 /* Debug */,
				8473AC561CE9A527000E3580 /* Release */,
			);
			defaultConfigurationIsVisible = 0;
			defaultConfigurationName = Release;
		};
		8473AC571CE9A527000E3580 /* Build configuration list for PBXNativeTarget "YJCollectionView" */ = {
			isa = XCConfigurationList;
			buildConfigurations = (
				8473AC581CE9A527000E3580 /* Debug */,
				8473AC591CE9A527000E3580 /* Release */,
			);
			defaultConfigurationIsVisible = 0;
			defaultConfigurationName = Release;
		};
/* End XCConfigurationList section */
	};
	rootObject = 8473AC381CE9A527000E3580 /* Project object */;
}
