// !$*UTF8*$!
{
	archiveVersion = 1;
	classes = {
	};
	objectVersion = 46;
	objects = {

/* Begin PBXBuildFile section */
		84083AB21E2603B900D89EAA /* main.m in Sources */ = {isa = PBXBuildFile; fileRef = 84083AB11E2603B900D89EAA /* main.m */; };
		84083AB51E2603B900D89EAA /* AppDelegate.m in Sources */ = {isa = PBXBuildFile; fileRef = 84083AB41E2603B900D89EAA /* AppDelegate.m */; };
		84083AB81E2603B900D89EAA /* ViewController.m in Sources */ = {isa = PBXBuildFile; fileRef = 84083AB71E2603B900D89EAA /* ViewController.m */; };
		84083ABB1E2603BA00D89EAA /* Main.storyboard in Resources */ = {isa = PBXBuildFile; fileRef = 84083AB91E2603BA00D89EAA /* Main.storyboard */; };
		84083ABD1E2603BA00D89EAA /* Assets.xcassets in Resources */ = {isa = PBXBuildFile; fileRef = 84083ABC1E2603BA00D89EAA /* Assets.xcassets */; };
		84083AC01E2603BA00D89EAA /* LaunchScreen.storyboard in Resources */ = {isa = PBXBuildFile; fileRef = 84083ABE1E2603BA00D89EAA /* LaunchScreen.storyboard */; };
		84083ACC1E2604B000D89EAA /* YJDispatch.m in Sources */ = {isa = PBXBuildFile; fileRef = 84083ACB1E2604B000D89EAA /* YJDispatch.m */; };
		84083B3C1E27836400D89EAA /* YJTimeProfiler.m in Sources */ = {isa = PBXBuildFile; fileRef = 84083B3B1E27836400D89EAA /* YJTimeProfiler.m */; };
/* End PBXBuildFile section */

/* Begin PBXFileReference section */
		84083AAD1E2603B900D89EAA /* YJTimeProfiler.app */ = {isa = PBXFileReference; explicitFileType = wrapper.application; includeInIndex = 0; path = YJTimeProfiler.app; sourceTree = BUILT_PRODUCTS_DIR; };
		84083AB11E2603B900D89EAA /* main.m */ = {isa = PBXFileReference; lastKnownFileType = sourcecode.c.objc; path = main.m; sourceTree = "<group>"; };
		84083AB31E2603B900D89EAA /* AppDelegate.h */ = {isa = PBXFileReference; lastKnownFileType = sourcecode.c.h; path = AppDelegate.h; sourceTree = "<group>"; };
		84083AB41E2603B900D89EAA /* AppDelegate.m */ = {isa = PBXFileReference; lastKnownFileType = sourcecode.c.objc; path = AppDelegate.m; sourceTree = "<group>"; };
		84083AB61E2603B900D89EAA /* ViewController.h */ = {isa = PBXFileReference; lastKnownFileType = sourcecode.c.h; path = ViewController.h; sourceTree = "<group>"; };
		84083AB71E2603B900D89EAA /* ViewController.m */ = {isa = PBXFileReference; lastKnownFileType = sourcecode.c.objc; path = ViewController.m; sourceTree = "<group>"; };
		84083ABA1E2603BA00D89EAA /* Base */ = {isa = PBXFileReference; lastKnownFileType = file.storyboard; name = Base; path = Base.lproj/Main.storyboard; sourceTree = "<group>"; };
		84083ABC1E2603BA00D89EAA /* Assets.xcassets */ = {isa = PBXFileReference; lastKnownFileType = folder.assetcatalog; path = Assets.xcassets; sourceTree = "<group>"; };
		84083ABF1E2603BA00D89EAA /* Base */ = {isa = PBXFileReference; lastKnownFileType = file.storyboard; name = Base; path = Base.lproj/LaunchScreen.storyboard; sourceTree = "<group>"; };
		84083AC11E2603BA00D89EAA /* Info.plist */ = {isa = PBXFileReference; lastKnownFileType = text.plist.xml; path = Info.plist; sourceTree = "<group>"; };
		84083ACA1E2604B000D89EAA /* YJDispatch.h */ = {isa = PBXFileReference; fileEncoding = 4; lastKnownFileType = sourcecode.c.h; path = YJDispatch.h; sourceTree = "<group>"; };
		84083ACB1E2604B000D89EAA /* YJDispatch.m */ = {isa = PBXFileReference; fileEncoding = 4; lastKnownFileType = sourcecode.c.objc; path = YJDispatch.m; sourceTree = "<group>"; };
		84083B3A1E27836400D89EAA /* YJTimeProfiler.h */ = {isa = PBXFileReference; fileEncoding = 4; lastKnownFileType = sourcecode.c.h; path = YJTimeProfiler.h; sourceTree = "<group>"; };
		84083B3B1E27836400D89EAA /* YJTimeProfiler.m */ = {isa = PBXFileReference; fileEncoding = 4; lastKnownFileType = sourcecode.c.objc; path = YJTimeProfiler.m; sourceTree = "<group>"; };
/* End PBXFileReference section */

/* Begin PBXFrameworksBuildPhase section */
		84083AAA1E2603B900D89EAA /* Frameworks */ = {
			isa = PBXFrameworksBuildPhase;
			buildActionMask = 2147483647;
			files = (
			);
			runOnlyForDeploymentPostprocessing = 0;
		};
/* End PBXFrameworksBuildPhase section */

/* Begin PBXGroup section */
		84083AA41E2603B900D89EAA = {
			isa = PBXGroup;
			children = (
				84083AAF1E2603B900D89EAA /* YJTimeProfiler */,
				84083AAE1E2603B900D89EAA /* Products */,
			);
			sourceTree = "<group>";
		};
		84083AAE1E2603B900D89EAA /* Products */ = {
			isa = PBXGroup;
			children = (
				84083AAD1E2603B900D89EAA /* YJTimeProfiler.app */,
			);
			name = Products;
			sourceTree = "<group>";
		};
		84083AAF1E2603B900D89EAA /* YJTimeProfiler */ = {
			isa = PBXGroup;
			children = (
				84083B391E27836400D89EAA /* TimeProfiler */,
				84083AC91E2604B000D89EAA /* Dispatch */,
				84083AB31E2603B900D89EAA /* AppDelegate.h */,
				84083AB41E2603B900D89EAA /* AppDelegate.m */,
				84083AB61E2603B900D89EAA /* ViewController.h */,
				84083AB71E2603B900D89EAA /* ViewController.m */,
				84083AC71E26040D00D89EAA /* Resources */,
				84083AB01E2603B900D89EAA /* Supporting Files */,
			);
			path = YJTimeProfiler;
			sourceTree = "<group>";
		};
		84083AB01E2603B900D89EAA /* Supporting Files */ = {
			isa = PBXGroup;
			children = (
				84083AC11E2603BA00D89EAA /* Info.plist */,
				84083AB11E2603B900D89EAA /* main.m */,
			);
			name = "Supporting Files";
			sourceTree = "<group>";
		};
		84083AC71E26040D00D89EAA /* Resources */ = {
			isa = PBXGroup;
			children = (
				84083AB91E2603BA00D89EAA /* Main.storyboard */,
				84083ABC1E2603BA00D89EAA /* Assets.xcassets */,
				84083ABE1E2603BA00D89EAA /* LaunchScreen.storyboard */,
			);
			name = Resources;
			sourceTree = "<group>";
		};
		84083AC91E2604B000D89EAA /* Dispatch */ = {
			isa = PBXGroup;
			children = (
				84083ACA1E2604B000D89EAA /* YJDispatch.h */,
				84083ACB1E2604B000D89EAA /* YJDispatch.m */,
			);
			name = Dispatch;
			path = ../../../../Cocoa/System/Dispatch;
			sourceTree = "<group>";
		};
		84083B391E27836400D89EAA /* TimeProfiler */ = {
			isa = PBXGroup;
			children = (
				84083B3A1E27836400D89EAA /* YJTimeProfiler.h */,
				84083B3B1E27836400D89EAA /* YJTimeProfiler.m */,
			);
			name = TimeProfiler;
			path = ../../../../Cocoa/DeveloperTools/TimeProfiler;
			sourceTree = "<group>";
		};
/* End PBXGroup section */

/* Begin PBXNativeTarget section */
		84083AAC1E2603B900D89EAA /* YJTimeProfiler */ = {
			isa = PBXNativeTarget;
			buildConfigurationList = 84083AC41E2603BA00D89EAA /* Build configuration list for PBXNativeTarget "YJTimeProfiler" */;
			buildPhases = (
				84083AA91E2603B900D89EAA /* Sources */,
				84083AAA1E2603B900D89EAA /* Frameworks */,
				84083AAB1E2603B900D89EAA /* Resources */,
			);
			buildRules = (
			);
			dependencies = (
			);
			name = YJTimeProfiler;
			productName = YJTimeProfiler;
			productReference = 84083AAD1E2603B900D89EAA /* YJTimeProfiler.app */;
			productType = "com.apple.product-type.application";
		};
/* End PBXNativeTarget section */

/* Begin PBXProject section */
		84083AA51E2603B900D89EAA /* Project object */ = {
			isa = PBXProject;
			attributes = {
				LastUpgradeCheck = 0820;
				ORGANIZATIONNAME = YJCocoa;
				TargetAttributes = {
					84083AAC1E2603B900D89EAA = {
						CreatedOnToolsVersion = 8.2.1;
						DevelopmentTeam = PC936H3Q67;
						ProvisioningStyle = Automatic;
					};
				};
			};
			buildConfigurationList = 84083AA81E2603B900D89EAA /* Build configuration list for PBXProject "YJTimeProfiler" */;
			compatibilityVersion = "Xcode 3.2";
			developmentRegion = English;
			hasScannedForEncodings = 0;
			knownRegions = (
				en,
				Base,
			);
			mainGroup = 84083AA41E2603B900D89EAA;
			productRefGroup = 84083AAE1E2603B900D89EAA /* Products */;
			projectDirPath = "";
			projectRoot = "";
			targets = (
				84083AAC1E2603B900D89EAA /* YJTimeProfiler */,
			);
		};
/* End PBXProject section */

/* Begin PBXResourcesBuildPhase section */
		84083AAB1E2603B900D89EAA /* Resources */ = {
			isa = PBXResourcesBuildPhase;
			buildActionMask = 2147483647;
			files = (
				84083AC01E2603BA00D89EAA /* LaunchScreen.storyboard in Resources */,
				84083ABD1E2603BA00D89EAA /* Assets.xcassets in Resources */,
				84083ABB1E2603BA00D89EAA /* Main.storyboard in Resources */,
			);
			runOnlyForDeploymentPostprocessing = 0;
		};
/* End PBXResourcesBuildPhase section */

/* Begin PBXSourcesBuildPhase section */
		84083AA91E2603B900D89EAA /* Sources */ = {
			isa = PBXSourcesBuildPhase;
			buildActionMask = 2147483647;
			files = (
				84083AB81E2603B900D89EAA /* ViewController.m in Sources */,
				84083AB51E2603B900D89EAA /* AppDelegate.m in Sources */,
				84083ACC1E2604B000D89EAA /* YJDispatch.m in Sources */,
				84083AB21E2603B900D89EAA /* main.m in Sources */,
				84083B3C1E27836400D89EAA /* YJTimeProfiler.m in Sources */,
			);
			runOnlyForDeploymentPostprocessing = 0;
		};
/* End PBXSourcesBuildPhase section */

/* Begin PBXVariantGroup section */
		84083AB91E2603BA00D89EAA /* Main.storyboard */ = {
			isa = PBXVariantGroup;
			children = (
				84083ABA1E2603BA00D89EAA /* Base */,
			);
			name = Main.storyboard;
			sourceTree = "<group>";
		};
		84083ABE1E2603BA00D89EAA /* LaunchScreen.storyboard */ = {
			isa = PBXVariantGroup;
			children = (
				84083ABF1E2603BA00D89EAA /* Base */,
			);
			name = LaunchScreen.storyboard;
			sourceTree = "<group>";
		};
/* End PBXVariantGroup section */

/* Begin XCBuildConfiguration section */
		84083AC21E2603BA00D89EAA /* Debug */ = {
			isa = XCBuildConfiguration;
			buildSettings = {
				ALWAYS_SEARCH_USER_PATHS = NO;
				CLANG_ANALYZER_NONNULL = YES;
				CLANG_CXX_LANGUAGE_STANDARD = "gnu++0x";
				CLANG_CXX_LIBRARY = "libc++";
				CLANG_ENABLE_MODULES = YES;
				CLANG_ENABLE_OBJC_ARC = YES;
				CLANG_WARN_BOOL_CONVERSION = YES;
				CLANG_WARN_CONSTANT_CONVERSION = YES;
				CLANG_WARN_DIRECT_OBJC_ISA_USAGE = YES_ERROR;
				CLANG_WARN_DOCUMENTATION_COMMENTS = YES;
				CLANG_WARN_EMPTY_BODY = YES;
				CLANG_WARN_ENUM_CONVERSION = YES;
				CLANG_WARN_INFINITE_RECURSION = YES;
				CLANG_WARN_INT_CONVERSION = YES;
				CLANG_WARN_OBJC_ROOT_CLASS = YES_ERROR;
				CLANG_WARN_SUSPICIOUS_MOVE = YES;
				CLANG_WARN_UNREACHABLE_CODE = YES;
				CLANG_WARN__DUPLICATE_METHOD_MATCH = YES;
				"CODE_SIGN_IDENTITY[sdk=iphoneos*]" = "iPhone Developer";
				COPY_PHASE_STRIP = NO;
				DEBUG_INFORMATION_FORMAT = dwarf;
				ENABLE_STRICT_OBJC_MSGSEND = YES;
				ENABLE_TESTABILITY = YES;
				GCC_C_LANGUAGE_STANDARD = gnu99;
				GCC_DYNAMIC_NO_PIC = NO;
				GCC_NO_COMMON_BLOCKS = YES;
				GCC_OPTIMIZATION_LEVEL = 0;
				GCC_PREPROCESSOR_DEFINITIONS = (
					"DEBUG=1",
					"$(inherited)",
				);
				GCC_WARN_64_TO_32_BIT_CONVERSION = YES;
				GCC_WARN_ABOUT_RETURN_TYPE = YES_ERROR;
				GCC_WARN_UNDECLARED_SELECTOR = YES;
				GCC_WARN_UNINITIALIZED_AUTOS = YES_AGGRESSIVE;
				GCC_WARN_UNUSED_FUNCTION = YES;
				GCC_WARN_UNUSED_VARIABLE = YES;
				IPHONEOS_DEPLOYMENT_TARGET = 10.2;
				MTL_ENABLE_DEBUG_INFO = YES;
				ONLY_ACTIVE_ARCH = YES;
				SDKROOT = iphoneos;
				TARGETED_DEVICE_FAMILY = "1,2";
			};
			name = Debug;
		};
		84083AC31E2603BA00D89EAA /* Release */ = {
			isa = XCBuildConfiguration;
			buildSettings = {
				ALWAYS_SEARCH_USER_PATHS = NO;
				CLANG_ANALYZER_NONNULL = YES;
				CLANG_CXX_LANGUAGE_STANDARD = "gnu++0x";
				CLANG_CXX_LIBRARY = "libc++";
				CLANG_ENABLE_MODULES = YES;
				CLANG_ENABLE_OBJC_ARC = YES;
				CLANG_WARN_BOOL_CONVERSION = YES;
				CLANG_WARN_CONSTANT_CONVERSION = YES;
				CLANG_WARN_DIRECT_OBJC_ISA_USAGE = YES_ERROR;
				CLANG_WARN_DOCUMENTATION_COMMENTS = YES;
				CLANG_WARN_EMPTY_BODY = YES;
				CLANG_WARN_ENUM_CONVERSION = YES;
				CLANG_WARN_INFINITE_RECURSION = YES;
				CLANG_WARN_INT_CONVERSION = YES;
				CLANG_WARN_OBJC_ROOT_CLASS = YES_ERROR;
				CLANG_WARN_SUSPICIOUS_MOVE = YES;
				CLANG_WARN_UNREACHABLE_CODE = YES;
				CLANG_WARN__DUPLICATE_METHOD_MATCH = YES;
				"CODE_SIGN_IDENTITY[sdk=iphoneos*]" = "iPhone Developer";
				COPY_PHASE_STRIP = NO;
				DEBUG_INFORMATION_FORMAT = "dwarf-with-dsym";
				ENABLE_NS_ASSERTIONS = NO;
				ENABLE_STRICT_OBJC_MSGSEND = YES;
				GCC_C_LANGUAGE_STANDARD = gnu99;
				GCC_NO_COMMON_BLOCKS = YES;
				GCC_WARN_64_TO_32_BIT_CONVERSION = YES;
				GCC_WARN_ABOUT_RETURN_TYPE = YES_ERROR;
				GCC_WARN_UNDECLARED_SELECTOR = YES;
				GCC_WARN_UNINITIALIZED_AUTOS = YES_AGGRESSIVE;
				GCC_WARN_UNUSED_FUNCTION = YES;
				GCC_WARN_UNUSED_VARIABLE = YES;
				IPHONEOS_DEPLOYMENT_TARGET = 10.2;
				MTL_ENABLE_DEBUG_INFO = NO;
				SDKROOT = iphoneos;
				TARGETED_DEVICE_FAMILY = "1,2";
				VALIDATE_PRODUCT = YES;
			};
			name = Release;
		};
		84083AC51E2603BA00D89EAA /* Debug */ = {
			isa = XCBuildConfiguration;
			buildSettings = {
				ASSETCATALOG_COMPILER_APPICON_NAME = AppIcon;
				ASSETCATALOG_COMPILER_LAUNCHIMAGE_NAME = LaunchImage;
				DEVELOPMENT_TEAM = PC936H3Q67;
				INFOPLIST_FILE = YJTimeProfiler/Info.plist;
				IPHONEOS_DEPLOYMENT_TARGET = 7.1;
				LD_RUNPATH_SEARCH_PATHS = "$(inherited) @executable_path/Frameworks";
				PRODUCT_BUNDLE_IDENTIFIER = com.jumei.com;
				PRODUCT_NAME = "$(TARGET_NAME)";
			};
			name = Debug;
		};
		84083AC61E2603BA00D89EAA /* Release */ = {
			isa = XCBuildConfiguration;
			buildSettings = {
				ASSETCATALOG_COMPILER_APPICON_NAME = AppIcon;
				ASSETCATALOG_COMPILER_LAUNCHIMAGE_NAME = LaunchImage;
				DEVELOPMENT_TEAM = PC936H3Q67;
				INFOPLIST_FILE = YJTimeProfiler/Info.plist;
				IPHONEOS_DEPLOYMENT_TARGET = 7.1;
				LD_RUNPATH_SEARCH_PATHS = "$(inherited) @executable_path/Frameworks";
				PRODUCT_BUNDLE_IDENTIFIER = com.jumei.com;
				PRODUCT_NAME = "$(TARGET_NAME)";
			};
			name = Release;
		};
/* End XCBuildConfiguration section */

/* Begin XCConfigurationList section */
		84083AA81E2603B900D89EAA /* Build configuration list for PBXProject "YJTimeProfiler" */ = {
			isa = XCConfigurationList;
			buildConfigurations = (
				84083AC21E2603BA00D89EAA /* Debug */,
				84083AC31E2603BA00D89EAA /* Release */,
			);
			defaultConfigurationIsVisible = 0;
			defaultConfigurationName = Release;
		};
		84083AC41E2603BA00D89EAA /* Build configuration list for PBXNativeTarget "YJTimeProfiler" */ = {
			isa = XCConfigurationList;
			buildConfigurations = (
				84083AC51E2603BA00D89EAA /* Debug */,
				84083AC61E2603BA00D89EAA /* Release */,
			);
			defaultConfigurationIsVisible = 0;
			defaultConfigurationName = Release;
		};
/* End XCConfigurationList section */
	};
	rootObject = 84083AA51E2603B900D89EAA /* Project object */;
}
