PODS:
  - YJCocoa/CocoaTouchLayer/UIKit/ViewGeometry (2.4.0)
  - YJCocoa/CoreOSLayer/System (2.4.0)
  - YJCocoa/CoreServicesLayer/Foundation/Other (2.4.0)

DEPENDENCIES:
  - YJCocoa/CocoaTouchLayer/UIKit/ViewGeometry
  - YJCocoa/CoreOSLayer/System
  - YJCocoa/CoreServicesLayer/Foundation/Other

SPEC CHECKSUMS:
  YJCocoa: 0a7ff868cb357cc7617a66c1a3835fd9b07efbe1

COCOAPODS: 0.39.0
